// !$*UTF8*$!
{
	archiveVersion = 1;
	classes = {
	};
	objectVersion = 70;
	objects = {

/* Begin PBXBuildFile section */
		8A0A06DB2D6CA01B009D44D8 /* CustomTabBarView.swift in Sources */ = {isa = PBXBuildFile; fileRef = 8A0A06DA2D6CA01B009D44D8 /* CustomTabBarView.swift */; };
		8A1DAC262B8E3C6F00259AD3 /* BookmarkViewModel.swift in Sources */ = {isa = PBXBuildFile; fileRef = 8A1DAC252B8E3C6F00259AD3 /* BookmarkViewModel.swift */; };
		8A2CE75F2C85BE9D00B762D0 /* ArticleListRepositoryProtocol.swift in Sources */ = {isa = PBXBuildFile; fileRef = 8A2CE75E2C85BE9D00B762D0 /* ArticleListRepositoryProtocol.swift */; };
		8A2CE7612C85C7B600B762D0 /* ArticleDomainListDTO.swift in Sources */ = {isa = PBXBuildFile; fileRef = 8A2CE7602C85C7B600B762D0 /* ArticleDomainListDTO.swift */; };
		8A2CE7662C85D35C00B762D0 /* ArticleListUseCase.swift in Sources */ = {isa = PBXBuildFile; fileRef = 8A2CE7652C85D35C00B762D0 /* ArticleListUseCase.swift */; };
		8A30D3712C071B9300A09B9D /* news.json in Resources */ = {isa = PBXBuildFile; fileRef = 8A3CD90D2B91DE82005A677C /* news.json */; };
		8A382AAA2D28516D00603EA2 /* NotoSans-Black.ttf in Resources */ = {isa = PBXBuildFile; fileRef = 8A382AA12D28516D00603EA2 /* NotoSans-Black.ttf */; };
		8A382AAB2D28516D00603EA2 /* NotoSans-Bold.ttf in Resources */ = {isa = PBXBuildFile; fileRef = 8A382AA22D28516D00603EA2 /* NotoSans-Bold.ttf */; };
		8A382AAC2D28516D00603EA2 /* NotoSans-ExtraBold.ttf in Resources */ = {isa = PBXBuildFile; fileRef = 8A382AA32D28516D00603EA2 /* NotoSans-ExtraBold.ttf */; };
		8A382AAD2D28516D00603EA2 /* NotoSans-ExtraLight.ttf in Resources */ = {isa = PBXBuildFile; fileRef = 8A382AA42D28516D00603EA2 /* NotoSans-ExtraLight.ttf */; };
		8A382AAE2D28516D00603EA2 /* NotoSans-Light.ttf in Resources */ = {isa = PBXBuildFile; fileRef = 8A382AA52D28516D00603EA2 /* NotoSans-Light.ttf */; };
		8A382AAF2D28516D00603EA2 /* NotoSans-Medium.ttf in Resources */ = {isa = PBXBuildFile; fileRef = 8A382AA62D28516D00603EA2 /* NotoSans-Medium.ttf */; };
		8A382AB02D28516D00603EA2 /* NotoSans-Regular.ttf in Resources */ = {isa = PBXBuildFile; fileRef = 8A382AA72D28516D00603EA2 /* NotoSans-Regular.ttf */; };
		8A382AB12D28516D00603EA2 /* NotoSans-SemiBold.ttf in Resources */ = {isa = PBXBuildFile; fileRef = 8A382AA82D28516D00603EA2 /* NotoSans-SemiBold.ttf */; };
		8A382AB22D28516D00603EA2 /* NotoSans-Thin.ttf in Resources */ = {isa = PBXBuildFile; fileRef = 8A382AA92D28516D00603EA2 /* NotoSans-Thin.ttf */; };
		8A3E1CA52C87157E00851895 /* ArticleListRepository.swift in Sources */ = {isa = PBXBuildFile; fileRef = 8A3E1CA42C87157E00851895 /* ArticleListRepository.swift */; };
		8A3E1CA72C8715FE00851895 /* ArticleListService.swift in Sources */ = {isa = PBXBuildFile; fileRef = 8A3E1CA62C8715FE00851895 /* ArticleListService.swift */; };
		8A3E1CAC2C8718CB00851895 /* ArticleDataListDTO.swift in Sources */ = {isa = PBXBuildFile; fileRef = 8A3E1CAB2C8718CB00851895 /* ArticleDataListDTO.swift */; };
		8A47F6F82D071E2100532257 /* ImageView.swift in Sources */ = {isa = PBXBuildFile; fileRef = 8A47F6F72D071E2100532257 /* ImageView.swift */; };
		8A4E22BD2B4A2BCA006D71C6 /* NewsApp.swift in Sources */ = {isa = PBXBuildFile; fileRef = 8A4E22BC2B4A2BCA006D71C6 /* NewsApp.swift */; };
		8A4E22C12B4A2BCC006D71C6 /* Assets.xcassets in Resources */ = {isa = PBXBuildFile; fileRef = 8A4E22C02B4A2BCC006D71C6 /* Assets.xcassets */; };
		8A4E22C42B4A2BCC006D71C6 /* Preview Assets.xcassets in Resources */ = {isa = PBXBuildFile; fileRef = 8A4E22C32B4A2BCC006D71C6 /* Preview Assets.xcassets */; };
		8A4FC96D2CA77A7100B47BBC /* DataTransferService.swift in Sources */ = {isa = PBXBuildFile; fileRef = 8A4FC96C2CA77A7100B47BBC /* DataTransferService.swift */; };
		8A4FC96F2CA77E7A00B47BBC /* NetworkManager.swift in Sources */ = {isa = PBXBuildFile; fileRef = 8A4FC96E2CA77E7A00B47BBC /* NetworkManager.swift */; };
		8A4FC9732CA88B8700B47BBC /* EndpointApi.swift in Sources */ = {isa = PBXBuildFile; fileRef = 8A4FC9722CA88B8700B47BBC /* EndpointApi.swift */; };
		8A59DEEE2D67430800F80586 /* BookmarkArticleTip.swift in Sources */ = {isa = PBXBuildFile; fileRef = 8A59DEED2D67430800F80586 /* BookmarkArticleTip.swift */; };
		8A5EB3512D301687008841E3 /* BookmarkTabView.swift in Sources */ = {isa = PBXBuildFile; fileRef = 8A5EB3502D301687008841E3 /* BookmarkTabView.swift */; };
		8A66DE922D5BB9D4005AD4AE /* FabButtonView.swift in Sources */ = {isa = PBXBuildFile; fileRef = 8A66DE912D5BB9D4005AD4AE /* FabButtonView.swift */; };
		8A66DE942D5BBE87005AD4AE /* ScrollContentView.swift in Sources */ = {isa = PBXBuildFile; fileRef = 8A66DE932D5BBE87005AD4AE /* ScrollContentView.swift */; };
		8A6EAA0E2CC2B0F2008A6226 /* NetworkConfigurable.swift in Sources */ = {isa = PBXBuildFile; fileRef = 8A6EAA0D2CC2B0F2008A6226 /* NetworkConfigurable.swift */; };
		8A6EAA102CC2B2FB008A6226 /* NetworkSessionManager.swift in Sources */ = {isa = PBXBuildFile; fileRef = 8A6EAA0F2CC2B2FB008A6226 /* NetworkSessionManager.swift */; };
		8A6EAA122CC2E2AB008A6226 /* URLSessionProtocol.swift in Sources */ = {isa = PBXBuildFile; fileRef = 8A6EAA112CC2E2AB008A6226 /* URLSessionProtocol.swift */; };
		8A6EAA142CC2E30F008A6226 /* URLRequestGenerator.swift in Sources */ = {isa = PBXBuildFile; fileRef = 8A6EAA132CC2E30F008A6226 /* URLRequestGenerator.swift */; };
		8A714D572D5CAF7A005A2753 /* SearchTabView.swift in Sources */ = {isa = PBXBuildFile; fileRef = 8A714D562D5CAF7A005A2753 /* SearchTabView.swift */; };
		8A72E9712C8232B10014A276 /* Configuration.swift in Sources */ = {isa = PBXBuildFile; fileRef = 8A72E9702C8232B10014A276 /* Configuration.swift */; };
		8A72E9732C8232EE0014A276 /* Log.swift in Sources */ = {isa = PBXBuildFile; fileRef = 8A72E9722C8232EE0014A276 /* Log.swift */; };
		8A7877C92D2D81A000554DA6 /* UserDefaultsService.swift in Sources */ = {isa = PBXBuildFile; fileRef = 8A7877C82D2D81A000554DA6 /* UserDefaultsService.swift */; };
		8A78C7FD2C8739DD007311AE /* NetworkRequest.swift in Sources */ = {isa = PBXBuildFile; fileRef = 8A78C7FC2C8739DD007311AE /* NetworkRequest.swift */; };
		8A78C7FF2C873BFA007311AE /* NetworkError.swift in Sources */ = {isa = PBXBuildFile; fileRef = 8A78C7FE2C873BFA007311AE /* NetworkError.swift */; };
		8A8386742B8565BB00FEC3BD /* GoogleService-Info.plist in Resources */ = {isa = PBXBuildFile; fileRef = 8A8386732B8565BB00FEC3BD /* GoogleService-Info.plist */; };
		8A8C18652B7285A3008E3C8C /* ArticleViewModel.swift in Sources */ = {isa = PBXBuildFile; fileRef = 8A8C18642B7285A3008E3C8C /* ArticleViewModel.swift */; };
		8A8C18702B728C85008E3C8C /* ContentView.swift in Sources */ = {isa = PBXBuildFile; fileRef = 8A8C186F2B728C85008E3C8C /* ContentView.swift */; };
		8A8C18722B728E15008E3C8C /* ArticleTabView.swift in Sources */ = {isa = PBXBuildFile; fileRef = 8A8C18712B728E15008E3C8C /* ArticleTabView.swift */; };
		8A91CC022B8FB18800F673C5 /* Mocker in Frameworks */ = {isa = PBXBuildFile; productRef = 8A91CC012B8FB18800F673C5 /* Mocker */; settings = {ATTRIBUTES = (Weak, ); }; };
		8A9A46F62D6F0B1900CB55D0 /* TabBarType.swift in Sources */ = {isa = PBXBuildFile; fileRef = 8A9A46F52D6F0B1900CB55D0 /* TabBarType.swift */; };
		8A9A46F82D6F0F7400CB55D0 /* SettingsTabView.swift in Sources */ = {isa = PBXBuildFile; fileRef = 8A9A46F72D6F0F7400CB55D0 /* SettingsTabView.swift */; };
		8A9CFC8E2B4EC5F400F70B13 /* ItemRowView.swift in Sources */ = {isa = PBXBuildFile; fileRef = 8A9CFC8D2B4EC5F300F70B13 /* ItemRowView.swift */; };
		8A9CFC922B4EC61000F70B13 /* ArticleDetailView.swift in Sources */ = {isa = PBXBuildFile; fileRef = 8A9CFC912B4EC61000F70B13 /* ArticleDetailView.swift */; };
		8A9CFC942B4EC7B500F70B13 /* ItemCardView.swift in Sources */ = {isa = PBXBuildFile; fileRef = 8A9CFC932B4EC7B500F70B13 /* ItemCardView.swift */; };
		8A9FEC642B93D2750027A3E6 /* SwiftyBeaver in Frameworks */ = {isa = PBXBuildFile; productRef = 8A9FEC632B93D2750027A3E6 /* SwiftyBeaver */; };
		8AA1BF772D284DF100071810 /* Font.swift in Sources */ = {isa = PBXBuildFile; fileRef = 8AA1BF502D284DF100071810 /* Font.swift */; };
		8AA1BF792D284DF100071810 /* Color.swift in Sources */ = {isa = PBXBuildFile; fileRef = 8AA1BF442D284DF100071810 /* Color.swift */; };
		8AA1BF7A2D284DF100071810 /* TextDefinition.swift in Sources */ = {isa = PBXBuildFile; fileRef = 8AA1BF592D284DF100071810 /* TextDefinition.swift */; };
		8AA1BF7B2D284DF100071810 /* NotoSans.swift in Sources */ = {isa = PBXBuildFile; fileRef = 8AA1BF512D284DF100071810 /* NotoSans.swift */; };
		8AA1BF7F2D284DF100071810 /* Text.swift in Sources */ = {isa = PBXBuildFile; fileRef = 8AA1BF582D284DF100071810 /* Text.swift */; };
		8AAB4D0B2B76599200C71B36 /* Alamofire in Frameworks */ = {isa = PBXBuildFile; productRef = 8AAB4D0A2B76599200C71B36 /* Alamofire */; };
		8AB07D162C077BB7008237C0 /* Category.swift in Sources */ = {isa = PBXBuildFile; fileRef = 8AB07D152C077BB7008237C0 /* Category.swift */; };
		8AB5F1642C7791DC00F41010 /* ArticlesModule.swift in Sources */ = {isa = PBXBuildFile; fileRef = 8AB5F1632C7791DC00F41010 /* ArticlesModule.swift */; };
		8AE62B2B2B7BF8FB005DFD77 /* DataRequest.swift in Sources */ = {isa = PBXBuildFile; fileRef = 8AE62B2A2B7BF8FB005DFD77 /* DataRequest.swift */; };
		8AE9CCF32CC4215B00399F1E /* AppDIContainer.swift in Sources */ = {isa = PBXBuildFile; fileRef = 8AE9CCF22CC4215B00399F1E /* AppDIContainer.swift */; };
		8AE9CCF52CC4227C00399F1E /* AppConfiguration.swift in Sources */ = {isa = PBXBuildFile; fileRef = 8AE9CCF42CC4227C00399F1E /* AppConfiguration.swift */; };
		8AE9CCF72CC4266300399F1E /* SharedURLSession.swift in Sources */ = {isa = PBXBuildFile; fileRef = 8AE9CCF62CC4266300399F1E /* SharedURLSession.swift */; };
		8AE9CCF92CC426CB00399F1E /* SharedURLSessionDelegate.swift in Sources */ = {isa = PBXBuildFile; fileRef = 8AE9CCF82CC426CB00399F1E /* SharedURLSessionDelegate.swift */; };
		8AE9CCFB2CC4271000399F1E /* URLAuthenticationChallenge+TrustServer.swift in Sources */ = {isa = PBXBuildFile; fileRef = 8AE9CCFA2CC4271000399F1E /* URLAuthenticationChallenge+TrustServer.swift */; };
		8AE9CD012CC66E8E00399F1E /* ArticleListItemViewModel.swift in Sources */ = {isa = PBXBuildFile; fileRef = 8AE9CD002CC66E8E00399F1E /* ArticleListItemViewModel.swift */; };
/* End PBXBuildFile section */

/* Begin PBXContainerItemProxy section */
		8A7877D22D2D865A00554DA6 /* PBXContainerItemProxy */ = {
			isa = PBXContainerItemProxy;
			containerPortal = 8A4E22B12B4A2BCA006D71C6 /* Project object */;
			proxyType = 1;
			remoteGlobalIDString = 8A4E22B82B4A2BCA006D71C6;
			remoteInfo = NewsApp;
		};
/* End PBXContainerItemProxy section */

/* Begin PBXCopyFilesBuildPhase section */
		8A165D092CD242240058C247 /* Embed Foundation Extensions */ = {
			isa = PBXCopyFilesBuildPhase;
			buildActionMask = 2147483647;
			dstPath = "";
			dstSubfolderSpec = 13;
			files = (
			);
			name = "Embed Foundation Extensions";
			runOnlyForDeploymentPostprocessing = 0;
		};
/* End PBXCopyFilesBuildPhase section */

/* Begin PBXFileReference section */
		8A0A06DA2D6CA01B009D44D8 /* CustomTabBarView.swift */ = {isa = PBXFileReference; lastKnownFileType = sourcecode.swift; path = CustomTabBarView.swift; sourceTree = "<group>"; };
		8A165CF62CD242220058C247 /* SwiftUI.framework */ = {isa = PBXFileReference; lastKnownFileType = wrapper.framework; name = SwiftUI.framework; path = System/Library/Frameworks/SwiftUI.framework; sourceTree = SDKROOT; };
		8A1DAC252B8E3C6F00259AD3 /* BookmarkViewModel.swift */ = {isa = PBXFileReference; lastKnownFileType = sourcecode.swift; path = BookmarkViewModel.swift; sourceTree = "<group>"; };
		8A2CE75E2C85BE9D00B762D0 /* ArticleListRepositoryProtocol.swift */ = {isa = PBXFileReference; lastKnownFileType = sourcecode.swift; path = ArticleListRepositoryProtocol.swift; sourceTree = "<group>"; };
		8A2CE7602C85C7B600B762D0 /* ArticleDomainListDTO.swift */ = {isa = PBXFileReference; lastKnownFileType = sourcecode.swift; path = ArticleDomainListDTO.swift; sourceTree = "<group>"; };
		8A2CE7652C85D35C00B762D0 /* ArticleListUseCase.swift */ = {isa = PBXFileReference; lastKnownFileType = sourcecode.swift; path = ArticleListUseCase.swift; sourceTree = "<group>"; };
		8A382AA12D28516D00603EA2 /* NotoSans-Black.ttf */ = {isa = PBXFileReference; lastKnownFileType = file; path = "NotoSans-Black.ttf"; sourceTree = "<group>"; };
		8A382AA22D28516D00603EA2 /* NotoSans-Bold.ttf */ = {isa = PBXFileReference; lastKnownFileType = file; path = "NotoSans-Bold.ttf"; sourceTree = "<group>"; };
		8A382AA32D28516D00603EA2 /* NotoSans-ExtraBold.ttf */ = {isa = PBXFileReference; lastKnownFileType = file; path = "NotoSans-ExtraBold.ttf"; sourceTree = "<group>"; };
		8A382AA42D28516D00603EA2 /* NotoSans-ExtraLight.ttf */ = {isa = PBXFileReference; lastKnownFileType = file; path = "NotoSans-ExtraLight.ttf"; sourceTree = "<group>"; };
		8A382AA52D28516D00603EA2 /* NotoSans-Light.ttf */ = {isa = PBXFileReference; lastKnownFileType = file; path = "NotoSans-Light.ttf"; sourceTree = "<group>"; };
		8A382AA62D28516D00603EA2 /* NotoSans-Medium.ttf */ = {isa = PBXFileReference; lastKnownFileType = file; path = "NotoSans-Medium.ttf"; sourceTree = "<group>"; };
		8A382AA72D28516D00603EA2 /* NotoSans-Regular.ttf */ = {isa = PBXFileReference; lastKnownFileType = file; path = "NotoSans-Regular.ttf"; sourceTree = "<group>"; };
		8A382AA82D28516D00603EA2 /* NotoSans-SemiBold.ttf */ = {isa = PBXFileReference; lastKnownFileType = file; path = "NotoSans-SemiBold.ttf"; sourceTree = "<group>"; };
		8A382AA92D28516D00603EA2 /* NotoSans-Thin.ttf */ = {isa = PBXFileReference; lastKnownFileType = file; path = "NotoSans-Thin.ttf"; sourceTree = "<group>"; };
		8A3CD90D2B91DE82005A677C /* news.json */ = {isa = PBXFileReference; fileEncoding = 4; lastKnownFileType = text.json; path = news.json; sourceTree = "<group>"; };
		8A3E1CA42C87157E00851895 /* ArticleListRepository.swift */ = {isa = PBXFileReference; lastKnownFileType = sourcecode.swift; path = ArticleListRepository.swift; sourceTree = "<group>"; };
		8A3E1CA62C8715FE00851895 /* ArticleListService.swift */ = {isa = PBXFileReference; lastKnownFileType = sourcecode.swift; path = ArticleListService.swift; sourceTree = "<group>"; };
		8A3E1CAB2C8718CB00851895 /* ArticleDataListDTO.swift */ = {isa = PBXFileReference; lastKnownFileType = sourcecode.swift; path = ArticleDataListDTO.swift; sourceTree = "<group>"; };
		8A47F6F72D071E2100532257 /* ImageView.swift */ = {isa = PBXFileReference; lastKnownFileType = sourcecode.swift; path = ImageView.swift; sourceTree = "<group>"; };
		8A4E22B92B4A2BCA006D71C6 /* NewsApp.app */ = {isa = PBXFileReference; explicitFileType = wrapper.application; includeInIndex = 0; path = NewsApp.app; sourceTree = BUILT_PRODUCTS_DIR; };
		8A4E22BC2B4A2BCA006D71C6 /* NewsApp.swift */ = {isa = PBXFileReference; lastKnownFileType = sourcecode.swift; path = NewsApp.swift; sourceTree = "<group>"; };
		8A4E22C02B4A2BCC006D71C6 /* Assets.xcassets */ = {isa = PBXFileReference; lastKnownFileType = folder.assetcatalog; path = Assets.xcassets; sourceTree = "<group>"; };
		8A4E22C32B4A2BCC006D71C6 /* Preview Assets.xcassets */ = {isa = PBXFileReference; lastKnownFileType = folder.assetcatalog; path = "Preview Assets.xcassets"; sourceTree = "<group>"; };
		8A4FC96C2CA77A7100B47BBC /* DataTransferService.swift */ = {isa = PBXFileReference; lastKnownFileType = sourcecode.swift; path = DataTransferService.swift; sourceTree = "<group>"; };
		8A4FC96E2CA77E7A00B47BBC /* NetworkManager.swift */ = {isa = PBXFileReference; lastKnownFileType = sourcecode.swift; path = NetworkManager.swift; sourceTree = "<group>"; };
		8A4FC9722CA88B8700B47BBC /* EndpointApi.swift */ = {isa = PBXFileReference; lastKnownFileType = sourcecode.swift; path = EndpointApi.swift; sourceTree = "<group>"; };
		8A59DEED2D67430800F80586 /* BookmarkArticleTip.swift */ = {isa = PBXFileReference; lastKnownFileType = sourcecode.swift; path = BookmarkArticleTip.swift; sourceTree = "<group>"; };
		8A5EB3502D301687008841E3 /* BookmarkTabView.swift */ = {isa = PBXFileReference; lastKnownFileType = sourcecode.swift; path = BookmarkTabView.swift; sourceTree = "<group>"; };
		8A66DE912D5BB9D4005AD4AE /* FabButtonView.swift */ = {isa = PBXFileReference; lastKnownFileType = sourcecode.swift; path = FabButtonView.swift; sourceTree = "<group>"; };
		8A66DE932D5BBE87005AD4AE /* ScrollContentView.swift */ = {isa = PBXFileReference; lastKnownFileType = sourcecode.swift; path = ScrollContentView.swift; sourceTree = "<group>"; };
		8A6EAA0D2CC2B0F2008A6226 /* NetworkConfigurable.swift */ = {isa = PBXFileReference; lastKnownFileType = sourcecode.swift; path = NetworkConfigurable.swift; sourceTree = "<group>"; };
		8A6EAA0F2CC2B2FB008A6226 /* NetworkSessionManager.swift */ = {isa = PBXFileReference; lastKnownFileType = sourcecode.swift; path = NetworkSessionManager.swift; sourceTree = "<group>"; };
		8A6EAA112CC2E2AB008A6226 /* URLSessionProtocol.swift */ = {isa = PBXFileReference; lastKnownFileType = sourcecode.swift; path = URLSessionProtocol.swift; sourceTree = "<group>"; };
		8A6EAA132CC2E30F008A6226 /* URLRequestGenerator.swift */ = {isa = PBXFileReference; lastKnownFileType = sourcecode.swift; path = URLRequestGenerator.swift; sourceTree = "<group>"; };
		8A714D562D5CAF7A005A2753 /* SearchTabView.swift */ = {isa = PBXFileReference; lastKnownFileType = sourcecode.swift; path = SearchTabView.swift; sourceTree = "<group>"; };
		8A72E9702C8232B10014A276 /* Configuration.swift */ = {isa = PBXFileReference; lastKnownFileType = sourcecode.swift; path = Configuration.swift; sourceTree = "<group>"; };
		8A72E9722C8232EE0014A276 /* Log.swift */ = {isa = PBXFileReference; lastKnownFileType = sourcecode.swift; path = Log.swift; sourceTree = "<group>"; };
		8A7877C82D2D81A000554DA6 /* UserDefaultsService.swift */ = {isa = PBXFileReference; lastKnownFileType = sourcecode.swift; path = UserDefaultsService.swift; sourceTree = "<group>"; };
		8A7877CE2D2D865A00554DA6 /* NewsAppTests.xctest */ = {isa = PBXFileReference; explicitFileType = wrapper.cfbundle; includeInIndex = 0; path = NewsAppTests.xctest; sourceTree = BUILT_PRODUCTS_DIR; };
		8A78C7FC2C8739DD007311AE /* NetworkRequest.swift */ = {isa = PBXFileReference; lastKnownFileType = sourcecode.swift; path = NetworkRequest.swift; sourceTree = "<group>"; };
		8A78C7FE2C873BFA007311AE /* NetworkError.swift */ = {isa = PBXFileReference; lastKnownFileType = sourcecode.swift; path = NetworkError.swift; sourceTree = "<group>"; };
		8A8386732B8565BB00FEC3BD /* GoogleService-Info.plist */ = {isa = PBXFileReference; fileEncoding = 4; lastKnownFileType = text.plist.xml; path = "GoogleService-Info.plist"; sourceTree = "<group>"; };
		8A8C18642B7285A3008E3C8C /* ArticleViewModel.swift */ = {isa = PBXFileReference; lastKnownFileType = sourcecode.swift; path = ArticleViewModel.swift; sourceTree = "<group>"; };
		8A8C186F2B728C85008E3C8C /* ContentView.swift */ = {isa = PBXFileReference; lastKnownFileType = sourcecode.swift; path = ContentView.swift; sourceTree = "<group>"; };
		8A8C18712B728E15008E3C8C /* ArticleTabView.swift */ = {isa = PBXFileReference; lastKnownFileType = sourcecode.swift; path = ArticleTabView.swift; sourceTree = "<group>"; };
		8A9A46F52D6F0B1900CB55D0 /* TabBarType.swift */ = {isa = PBXFileReference; lastKnownFileType = sourcecode.swift; path = TabBarType.swift; sourceTree = "<group>"; };
		8A9A46F72D6F0F7400CB55D0 /* SettingsTabView.swift */ = {isa = PBXFileReference; lastKnownFileType = sourcecode.swift; path = SettingsTabView.swift; sourceTree = "<group>"; };
		8A9CFC8D2B4EC5F300F70B13 /* ItemRowView.swift */ = {isa = PBXFileReference; lastKnownFileType = sourcecode.swift; path = ItemRowView.swift; sourceTree = "<group>"; };
		8A9CFC912B4EC61000F70B13 /* ArticleDetailView.swift */ = {isa = PBXFileReference; lastKnownFileType = sourcecode.swift; path = ArticleDetailView.swift; sourceTree = "<group>"; };
		8A9CFC932B4EC7B500F70B13 /* ItemCardView.swift */ = {isa = PBXFileReference; lastKnownFileType = sourcecode.swift; path = ItemCardView.swift; sourceTree = "<group>"; };
		8AA1BF442D284DF100071810 /* Color.swift */ = {isa = PBXFileReference; lastKnownFileType = sourcecode.swift; path = Color.swift; sourceTree = "<group>"; };
		8AA1BF502D284DF100071810 /* Font.swift */ = {isa = PBXFileReference; lastKnownFileType = sourcecode.swift; path = Font.swift; sourceTree = "<group>"; };
		8AA1BF512D284DF100071810 /* NotoSans.swift */ = {isa = PBXFileReference; lastKnownFileType = sourcecode.swift; path = NotoSans.swift; sourceTree = "<group>"; };
		8AA1BF582D284DF100071810 /* Text.swift */ = {isa = PBXFileReference; lastKnownFileType = sourcecode.swift; path = Text.swift; sourceTree = "<group>"; };
		8AA1BF592D284DF100071810 /* TextDefinition.swift */ = {isa = PBXFileReference; lastKnownFileType = sourcecode.swift; path = TextDefinition.swift; sourceTree = "<group>"; };
		8AABBC972B963BD100D78C5D /* Dev.xcconfig */ = {isa = PBXFileReference; lastKnownFileType = text.xcconfig; path = Dev.xcconfig; sourceTree = "<group>"; };
		8AB07D152C077BB7008237C0 /* Category.swift */ = {isa = PBXFileReference; lastKnownFileType = sourcecode.swift; path = Category.swift; sourceTree = "<group>"; };
		8AB5F1632C7791DC00F41010 /* ArticlesModule.swift */ = {isa = PBXFileReference; lastKnownFileType = sourcecode.swift; path = ArticlesModule.swift; sourceTree = "<group>"; };
		8ACA94282B86C3C7001CEBD2 /* Info.plist */ = {isa = PBXFileReference; lastKnownFileType = text.plist.xml; path = Info.plist; sourceTree = "<group>"; };
		8AE62B2A2B7BF8FB005DFD77 /* DataRequest.swift */ = {isa = PBXFileReference; lastKnownFileType = sourcecode.swift; path = DataRequest.swift; sourceTree = "<group>"; };
		8AE9CCF22CC4215B00399F1E /* AppDIContainer.swift */ = {isa = PBXFileReference; lastKnownFileType = sourcecode.swift; path = AppDIContainer.swift; sourceTree = "<group>"; };
		8AE9CCF42CC4227C00399F1E /* AppConfiguration.swift */ = {isa = PBXFileReference; lastKnownFileType = sourcecode.swift; path = AppConfiguration.swift; sourceTree = "<group>"; };
		8AE9CCF62CC4266300399F1E /* SharedURLSession.swift */ = {isa = PBXFileReference; lastKnownFileType = sourcecode.swift; path = SharedURLSession.swift; sourceTree = "<group>"; };
		8AE9CCF82CC426CB00399F1E /* SharedURLSessionDelegate.swift */ = {isa = PBXFileReference; lastKnownFileType = sourcecode.swift; path = SharedURLSessionDelegate.swift; sourceTree = "<group>"; };
		8AE9CCFA2CC4271000399F1E /* URLAuthenticationChallenge+TrustServer.swift */ = {isa = PBXFileReference; lastKnownFileType = sourcecode.swift; path = "URLAuthenticationChallenge+TrustServer.swift"; sourceTree = "<group>"; };
		8AE9CD002CC66E8E00399F1E /* ArticleListItemViewModel.swift */ = {isa = PBXFileReference; lastKnownFileType = sourcecode.swift; path = ArticleListItemViewModel.swift; sourceTree = "<group>"; };
/* End PBXFileReference section */

/* Begin PBXFileSystemSynchronizedRootGroup section */
		8A7877CF2D2D865A00554DA6 /* NewsAppTests */ = {isa = PBXFileSystemSynchronizedRootGroup; explicitFileTypes = {}; explicitFolders = (); path = NewsAppTests; sourceTree = "<group>"; };
/* End PBXFileSystemSynchronizedRootGroup section */

/* Begin PBXFrameworksBuildPhase section */
		8A4E22B62B4A2BCA006D71C6 /* Frameworks */ = {
			isa = PBXFrameworksBuildPhase;
			buildActionMask = 2147483647;
			files = (
				8AAB4D0B2B76599200C71B36 /* Alamofire in Frameworks */,
				8A91CC022B8FB18800F673C5 /* Mocker in Frameworks */,
				8A9FEC642B93D2750027A3E6 /* SwiftyBeaver in Frameworks */,
			);
			runOnlyForDeploymentPostprocessing = 0;
		};
		8A7877CB2D2D865A00554DA6 /* Frameworks */ = {
			isa = PBXFrameworksBuildPhase;
			buildActionMask = 2147483647;
			files = (
			);
			runOnlyForDeploymentPostprocessing = 0;
		};
/* End PBXFrameworksBuildPhase section */

/* Begin PBXGroup section */
		8A165CF32CD242220058C247 /* Frameworks */ = {
			isa = PBXGroup;
			children = (
				8A165CF62CD242220058C247 /* SwiftUI.framework */,
			);
			name = Frameworks;
			sourceTree = "<group>";
		};
		8A3E1CAA2C8718AD00851895 /* Entities */ = {
			isa = PBXGroup;
			children = (
				8A3E1CAB2C8718CB00851895 /* ArticleDataListDTO.swift */,
				8AB07D152C077BB7008237C0 /* Category.swift */,
			);
			path = Entities;
			sourceTree = "<group>";
		};
		8A47F6FC2D074A0900532257 /* Fonts */ = {
			isa = PBXGroup;
			children = (
				8A382AA12D28516D00603EA2 /* NotoSans-Black.ttf */,
				8A382AA22D28516D00603EA2 /* NotoSans-Bold.ttf */,
				8A382AA32D28516D00603EA2 /* NotoSans-ExtraBold.ttf */,
				8A382AA42D28516D00603EA2 /* NotoSans-ExtraLight.ttf */,
				8A382AA52D28516D00603EA2 /* NotoSans-Light.ttf */,
				8A382AA62D28516D00603EA2 /* NotoSans-Medium.ttf */,
				8A382AA72D28516D00603EA2 /* NotoSans-Regular.ttf */,
				8A382AA82D28516D00603EA2 /* NotoSans-SemiBold.ttf */,
				8A382AA92D28516D00603EA2 /* NotoSans-Thin.ttf */,
			);
			path = Fonts;
			sourceTree = "<group>";
		};
		8A4E22B02B4A2BCA006D71C6 = {
			isa = PBXGroup;
			children = (
				8A4E22BB2B4A2BCA006D71C6 /* NewsApp */,
				8A7877CF2D2D865A00554DA6 /* NewsAppTests */,
				8A165CF32CD242220058C247 /* Frameworks */,
				8A4E22BA2B4A2BCA006D71C6 /* Products */,
			);
			sourceTree = "<group>";
		};
		8A4E22BA2B4A2BCA006D71C6 /* Products */ = {
			isa = PBXGroup;
			children = (
				8A4E22B92B4A2BCA006D71C6 /* NewsApp.app */,
				8A7877CE2D2D865A00554DA6 /* NewsAppTests.xctest */,
			);
			name = Products;
			sourceTree = "<group>";
		};
		8A4E22BB2B4A2BCA006D71C6 /* NewsApp */ = {
			isa = PBXGroup;
			children = (
				8A5967BF2C85FE5A000A9545 /* Application */,
				8AB5F1602C7789D200F41010 /* Modules */,
				8A5967BE2C85FE3A000A9545 /* Networking */,
				8A64C1CB2C06398F00BAE6E5 /* Resources */,
			);
			path = NewsApp;
			sourceTree = "<group>";
		};
		8A4E22C22B4A2BCC006D71C6 /* Preview Content */ = {
			isa = PBXGroup;
			children = (
				8A4E22C32B4A2BCC006D71C6 /* Preview Assets.xcassets */,
			);
			path = "Preview Content";
			sourceTree = "<group>";
		};
		8A5967BE2C85FE3A000A9545 /* Networking */ = {
			isa = PBXGroup;
			children = (
				8A4FC96C2CA77A7100B47BBC /* DataTransferService.swift */,
				8A6EAA0D2CC2B0F2008A6226 /* NetworkConfigurable.swift */,
				8A78C7FE2C873BFA007311AE /* NetworkError.swift */,
				8A4FC96E2CA77E7A00B47BBC /* NetworkManager.swift */,
				8A78C7FC2C8739DD007311AE /* NetworkRequest.swift */,
				8A6EAA0F2CC2B2FB008A6226 /* NetworkSessionManager.swift */,
				8A6EAA132CC2E30F008A6226 /* URLRequestGenerator.swift */,
				8A6EAA112CC2E2AB008A6226 /* URLSessionProtocol.swift */,
				8AE9CCF62CC4266300399F1E /* SharedURLSession.swift */,
				8AE9CCF82CC426CB00399F1E /* SharedURLSessionDelegate.swift */,
			);
			path = Networking;
			sourceTree = "<group>";
		};
		8A5967BF2C85FE5A000A9545 /* Application */ = {
			isa = PBXGroup;
			children = (
				8AE9CCF22CC4215B00399F1E /* AppDIContainer.swift */,
				8AE9CCF42CC4227C00399F1E /* AppConfiguration.swift */,
				8A4E22BC2B4A2BCA006D71C6 /* NewsApp.swift */,
			);
			path = Application;
			sourceTree = "<group>";
		};
		8A64C1CB2C06398F00BAE6E5 /* Resources */ = {
			isa = PBXGroup;
			children = (
				8A47F6FC2D074A0900532257 /* Fonts */,
				8A4E22C02B4A2BCC006D71C6 /* Assets.xcassets */,
				8A8386732B8565BB00FEC3BD /* GoogleService-Info.plist */,
				8ACA94282B86C3C7001CEBD2 /* Info.plist */,
				8A3CD90D2B91DE82005A677C /* news.json */,
				8A4E22C22B4A2BCC006D71C6 /* Preview Content */,
			);
			path = Resources;
			sourceTree = "<group>";
		};
		8A78C7FB2C87385A007311AE /* Repository */ = {
			isa = PBXGroup;
			children = (
				8A3E1CA42C87157E00851895 /* ArticleListRepository.swift */,
			);
			path = Repository;
			sourceTree = "<group>";
		};
		8A7C4D6F2B879029009E98F6 /* Domain */ = {
			isa = PBXGroup;
			children = (
				8A72E9702C8232B10014A276 /* Configuration.swift */,
				8A72E9722C8232EE0014A276 /* Log.swift */,
				8AF720CE2C8371FD000383C2 /* Entity */,
				8AABBC922B9635FF00D78C5D /* Environments */,
				8AF720CF2C837204000383C2 /* Interface */,
				8AF720D22C837225000383C2 /* UseCase */,
			);
			path = Domain;
			sourceTree = "<group>";
		};
		8A8C185D2B71AEC6008E3C8C /* Services */ = {
			isa = PBXGroup;
			children = (
				8A3E1CA62C8715FE00851895 /* ArticleListService.swift */,
				8A7877C82D2D81A000554DA6 /* UserDefaultsService.swift */,
			);
			path = Services;
			sourceTree = "<group>";
		};
		8A8C18672B728738008E3C8C /* Data */ = {
			isa = PBXGroup;
			children = (
				8AE62B272B7BD02C005DFD77 /* Api */,
				8A3E1CAA2C8718AD00851895 /* Entities */,
				8A78C7FB2C87385A007311AE /* Repository */,
				8A8C185D2B71AEC6008E3C8C /* Services */,
			);
			path = Data;
			sourceTree = "<group>";
		};
		8A8C186B2B728A5C008E3C8C /* Extensions */ = {
			isa = PBXGroup;
			children = (
				8AE62B2A2B7BF8FB005DFD77 /* DataRequest.swift */,
				8AE9CCFA2CC4271000399F1E /* URLAuthenticationChallenge+TrustServer.swift */,
				8AA1BF582D284DF100071810 /* Text.swift */,
				8AA1BF442D284DF100071810 /* Color.swift */,
				8AA1BF502D284DF100071810 /* Font.swift */,
			);
			path = Extensions;
			sourceTree = "<group>";
		};
		8A8C18732B7296F8008E3C8C /* Components */ = {
			isa = PBXGroup;
			children = (
				8A59DEED2D67430800F80586 /* BookmarkArticleTip.swift */,
				8A0A06DA2D6CA01B009D44D8 /* CustomTabBarView.swift */,
				8A66DE912D5BB9D4005AD4AE /* FabButtonView.swift */,
				8A47F6F72D071E2100532257 /* ImageView.swift */,
				8A9CFC932B4EC7B500F70B13 /* ItemCardView.swift */,
				8A9CFC8D2B4EC5F300F70B13 /* ItemRowView.swift */,
				8A66DE932D5BBE87005AD4AE /* ScrollContentView.swift */,
			);
			path = Components;
			sourceTree = "<group>";
		};
		8AABBC922B9635FF00D78C5D /* Environments */ = {
			isa = PBXGroup;
			children = (
				8AABBC972B963BD100D78C5D /* Dev.xcconfig */,
			);
			path = Environments;
			sourceTree = "<group>";
		};
		8AB5F15C2C7788E200F41010 /* Presentation */ = {
			isa = PBXGroup;
			children = (
				8AB5F1612C77900A00F41010 /* Util */,
				8AB5F15D2C77890000F41010 /* ViewModel */,
				8AB5F15E2C77890900F41010 /* Views */,
			);
			path = Presentation;
			sourceTree = "<group>";
		};
		8AB5F15D2C77890000F41010 /* ViewModel */ = {
			isa = PBXGroup;
			children = (
				8A8C18642B7285A3008E3C8C /* ArticleViewModel.swift */,
				8A1DAC252B8E3C6F00259AD3 /* BookmarkViewModel.swift */,
				8AE9CD002CC66E8E00399F1E /* ArticleListItemViewModel.swift */,
			);
			path = ViewModel;
			sourceTree = "<group>";
		};
		8AB5F15E2C77890900F41010 /* Views */ = {
			isa = PBXGroup;
			children = (
				8A9CFC912B4EC61000F70B13 /* ArticleDetailView.swift */,
				8A8C18712B728E15008E3C8C /* ArticleTabView.swift */,
				8A5EB3502D301687008841E3 /* BookmarkTabView.swift */,
				8A8C18732B7296F8008E3C8C /* Components */,
				8A8C186F2B728C85008E3C8C /* ContentView.swift */,
				8A714D562D5CAF7A005A2753 /* SearchTabView.swift */,
				8A9A46F72D6F0F7400CB55D0 /* SettingsTabView.swift */,
			);
			path = Views;
			sourceTree = "<group>";
		};
		8AB5F1602C7789D200F41010 /* Modules */ = {
			isa = PBXGroup;
			children = (
				8AB5F1622C7791B900F41010 /* Articles */,
			);
			path = Modules;
			sourceTree = "<group>";
		};
		8AB5F1612C77900A00F41010 /* Util */ = {
			isa = PBXGroup;
			children = (
				8A8C186B2B728A5C008E3C8C /* Extensions */,
				8AA1BF592D284DF100071810 /* TextDefinition.swift */,
				8AA1BF512D284DF100071810 /* NotoSans.swift */,
			);
			path = Util;
			sourceTree = "<group>";
		};
		8AB5F1622C7791B900F41010 /* Articles */ = {
			isa = PBXGroup;
			children = (
				8AB5F1632C7791DC00F41010 /* ArticlesModule.swift */,
				8A8C18672B728738008E3C8C /* Data */,
				8A7C4D6F2B879029009E98F6 /* Domain */,
				8AB5F15C2C7788E200F41010 /* Presentation */,
			);
			path = Articles;
			sourceTree = "<group>";
		};
		8AE62B272B7BD02C005DFD77 /* Api */ = {
			isa = PBXGroup;
			children = (
				8A4FC9722CA88B8700B47BBC /* EndpointApi.swift */,
			);
			path = Api;
			sourceTree = "<group>";
		};
		8AF720CE2C8371FD000383C2 /* Entity */ = {
			isa = PBXGroup;
			children = (
				8A2CE7602C85C7B600B762D0 /* ArticleDomainListDTO.swift */,
				8A9A46F52D6F0B1900CB55D0 /* TabBarType.swift */,
			);
			path = Entity;
			sourceTree = "<group>";
		};
		8AF720CF2C837204000383C2 /* Interface */ = {
			isa = PBXGroup;
			children = (
				8AF720D02C83720D000383C2 /* Repository */,
			);
			path = Interface;
			sourceTree = "<group>";
		};
		8AF720D02C83720D000383C2 /* Repository */ = {
			isa = PBXGroup;
			children = (
				8A2CE75E2C85BE9D00B762D0 /* ArticleListRepositoryProtocol.swift */,
			);
			path = Repository;
			sourceTree = "<group>";
		};
		8AF720D22C837225000383C2 /* UseCase */ = {
			isa = PBXGroup;
			children = (
				8A2CE7652C85D35C00B762D0 /* ArticleListUseCase.swift */,
			);
			path = UseCase;
			sourceTree = "<group>";
		};
/* End PBXGroup section */

/* Begin PBXNativeTarget section */
		8A4E22B82B4A2BCA006D71C6 /* NewsApp */ = {
			isa = PBXNativeTarget;
			buildConfigurationList = 8A4E22DD2B4A2BCD006D71C6 /* Build configuration list for PBXNativeTarget "NewsApp" */;
			buildPhases = (
				8A4E22B52B4A2BCA006D71C6 /* Sources */,
				8A4E22B62B4A2BCA006D71C6 /* Frameworks */,
				8A4E22B72B4A2BCA006D71C6 /* Resources */,
				8A165D092CD242240058C247 /* Embed Foundation Extensions */,
			);
			buildRules = (
			);
			dependencies = (
			);
			name = NewsApp;
			packageProductDependencies = (
				8AAB4D0A2B76599200C71B36 /* Alamofire */,
				8A91CC012B8FB18800F673C5 /* Mocker */,
				8A9FEC632B93D2750027A3E6 /* SwiftyBeaver */,
			);
			productName = NewsApp;
			productReference = 8A4E22B92B4A2BCA006D71C6 /* NewsApp.app */;
			productType = "com.apple.product-type.application";
		};
		8A7877CD2D2D865A00554DA6 /* NewsAppTests */ = {
			isa = PBXNativeTarget;
			buildConfigurationList = 8A7877D42D2D865A00554DA6 /* Build configuration list for PBXNativeTarget "NewsAppTests" */;
			buildPhases = (
				8A7877CA2D2D865A00554DA6 /* Sources */,
				8A7877CB2D2D865A00554DA6 /* Frameworks */,
				8A7877CC2D2D865A00554DA6 /* Resources */,
			);
			buildRules = (
			);
			dependencies = (
				8A7877D32D2D865A00554DA6 /* PBXTargetDependency */,
			);
			fileSystemSynchronizedGroups = (
				8A7877CF2D2D865A00554DA6 /* NewsAppTests */,
			);
			name = NewsAppTests;
			packageProductDependencies = (
			);
			productName = NewsAppTests;
			productReference = 8A7877CE2D2D865A00554DA6 /* NewsAppTests.xctest */;
			productType = "com.apple.product-type.bundle.unit-test";
		};
/* End PBXNativeTarget section */

/* Begin PBXProject section */
		8A4E22B12B4A2BCA006D71C6 /* Project object */ = {
			isa = PBXProject;
			attributes = {
				BuildIndependentTargetsInParallel = 1;
				LastSwiftUpdateCheck = 1620;
				LastUpgradeCheck = 1510;
				TargetAttributes = {
					8A4E22B82B4A2BCA006D71C6 = {
						CreatedOnToolsVersion = 15.1;
					};
					8A7877CD2D2D865A00554DA6 = {
						CreatedOnToolsVersion = 16.2;
						TestTargetID = 8A4E22B82B4A2BCA006D71C6;
					};
				};
			};
			buildConfigurationList = 8A4E22B42B4A2BCA006D71C6 /* Build configuration list for PBXProject "NewsApp" */;
			compatibilityVersion = "Xcode 14.0";
			developmentRegion = en;
			hasScannedForEncodings = 0;
			knownRegions = (
				en,
				Base,
			);
			mainGroup = 8A4E22B02B4A2BCA006D71C6;
			packageReferences = (
				8AAB4D092B76599200C71B36 /* XCRemoteSwiftPackageReference "Alamofire" */,
				8A8386752B85662F00FEC3BD /* XCRemoteSwiftPackageReference "firebase-ios-sdk" */,
				8A91CC002B8FB18800F673C5 /* XCRemoteSwiftPackageReference "Mocker" */,
				8A9FEC622B93D2750027A3E6 /* XCRemoteSwiftPackageReference "SwiftyBeaver" */,
			);
			productRefGroup = 8A4E22BA2B4A2BCA006D71C6 /* Products */;
			projectDirPath = "";
			projectRoot = "";
			targets = (
				8A4E22B82B4A2BCA006D71C6 /* NewsApp */,
				8A7877CD2D2D865A00554DA6 /* NewsAppTests */,
			);
		};
/* End PBXProject section */

/* Begin PBXResourcesBuildPhase section */
		8A4E22B72B4A2BCA006D71C6 /* Resources */ = {
			isa = PBXResourcesBuildPhase;
			buildActionMask = 2147483647;
			files = (
				8A30D3712C071B9300A09B9D /* news.json in Resources */,
				8A4E22C42B4A2BCC006D71C6 /* Preview Assets.xcassets in Resources */,
				8A382AAA2D28516D00603EA2 /* NotoSans-Black.ttf in Resources */,
				8A382AAB2D28516D00603EA2 /* NotoSans-Bold.ttf in Resources */,
				8A382AAC2D28516D00603EA2 /* NotoSans-ExtraBold.ttf in Resources */,
				8A382AAD2D28516D00603EA2 /* NotoSans-ExtraLight.ttf in Resources */,
				8A382AAE2D28516D00603EA2 /* NotoSans-Light.ttf in Resources */,
				8A382AAF2D28516D00603EA2 /* NotoSans-Medium.ttf in Resources */,
				8A382AB02D28516D00603EA2 /* NotoSans-Regular.ttf in Resources */,
				8A382AB12D28516D00603EA2 /* NotoSans-SemiBold.ttf in Resources */,
				8A382AB22D28516D00603EA2 /* NotoSans-Thin.ttf in Resources */,
				8A8386742B8565BB00FEC3BD /* GoogleService-Info.plist in Resources */,
				8A4E22C12B4A2BCC006D71C6 /* Assets.xcassets in Resources */,
			);
			runOnlyForDeploymentPostprocessing = 0;
		};
		8A7877CC2D2D865A00554DA6 /* Resources */ = {
			isa = PBXResourcesBuildPhase;
			buildActionMask = 2147483647;
			files = (
			);
			runOnlyForDeploymentPostprocessing = 0;
		};
/* End PBXResourcesBuildPhase section */

/* Begin PBXSourcesBuildPhase section */
		8A4E22B52B4A2BCA006D71C6 /* Sources */ = {
			isa = PBXSourcesBuildPhase;
			buildActionMask = 2147483647;
			files = (
				8A1DAC262B8E3C6F00259AD3 /* BookmarkViewModel.swift in Sources */,
				8A4E22BD2B4A2BCA006D71C6 /* NewsApp.swift in Sources */,
				8AA1BF772D284DF100071810 /* Font.swift in Sources */,
				8A66DE922D5BB9D4005AD4AE /* FabButtonView.swift in Sources */,
				8AA1BF792D284DF100071810 /* Color.swift in Sources */,
				8AA1BF7A2D284DF100071810 /* TextDefinition.swift in Sources */,
				8A59DEEE2D67430800F80586 /* BookmarkArticleTip.swift in Sources */,
				8AA1BF7B2D284DF100071810 /* NotoSans.swift in Sources */,
				8AA1BF7F2D284DF100071810 /* Text.swift in Sources */,
				8A47F6F82D071E2100532257 /* ImageView.swift in Sources */,
				8A9A46F62D6F0B1900CB55D0 /* TabBarType.swift in Sources */,
				8A714D572D5CAF7A005A2753 /* SearchTabView.swift in Sources */,
				8AE62B2B2B7BF8FB005DFD77 /* DataRequest.swift in Sources */,
				8A7877C92D2D81A000554DA6 /* UserDefaultsService.swift in Sources */,
				8AE9CCFB2CC4271000399F1E /* URLAuthenticationChallenge+TrustServer.swift in Sources */,
				8A72E9712C8232B10014A276 /* Configuration.swift in Sources */,
				8A6EAA102CC2B2FB008A6226 /* NetworkSessionManager.swift in Sources */,
				8A2CE75F2C85BE9D00B762D0 /* ArticleListRepositoryProtocol.swift in Sources */,
				8A3E1CA52C87157E00851895 /* ArticleListRepository.swift in Sources */,
				8A9CFC8E2B4EC5F400F70B13 /* ItemRowView.swift in Sources */,
				8A3E1CAC2C8718CB00851895 /* ArticleDataListDTO.swift in Sources */,
				8A6EAA0E2CC2B0F2008A6226 /* NetworkConfigurable.swift in Sources */,
				8A9A46F82D6F0F7400CB55D0 /* SettingsTabView.swift in Sources */,
				8A9CFC922B4EC61000F70B13 /* ArticleDetailView.swift in Sources */,
				8AE9CCF72CC4266300399F1E /* SharedURLSession.swift in Sources */,
				8A78C7FF2C873BFA007311AE /* NetworkError.swift in Sources */,
				8A2CE7612C85C7B600B762D0 /* ArticleDomainListDTO.swift in Sources */,
				8AB5F1642C7791DC00F41010 /* ArticlesModule.swift in Sources */,
				8AB07D162C077BB7008237C0 /* Category.swift in Sources */,
				8A4FC96F2CA77E7A00B47BBC /* NetworkManager.swift in Sources */,
				8A66DE942D5BBE87005AD4AE /* ScrollContentView.swift in Sources */,
				8A2CE7662C85D35C00B762D0 /* ArticleListUseCase.swift in Sources */,
				8A8C18652B7285A3008E3C8C /* ArticleViewModel.swift in Sources */,
				8A3E1CA72C8715FE00851895 /* ArticleListService.swift in Sources */,
				8A8C18702B728C85008E3C8C /* ContentView.swift in Sources */,
				8AE9CD012CC66E8E00399F1E /* ArticleListItemViewModel.swift in Sources */,
				8A6EAA122CC2E2AB008A6226 /* URLSessionProtocol.swift in Sources */,
				8A78C7FD2C8739DD007311AE /* NetworkRequest.swift in Sources */,
				8AE9CCF92CC426CB00399F1E /* SharedURLSessionDelegate.swift in Sources */,
				8A4FC9732CA88B8700B47BBC /* EndpointApi.swift in Sources */,
				8A5EB3512D301687008841E3 /* BookmarkTabView.swift in Sources */,
				8A4FC96D2CA77A7100B47BBC /* DataTransferService.swift in Sources */,
				8A72E9732C8232EE0014A276 /* Log.swift in Sources */,
				8AE9CCF52CC4227C00399F1E /* AppConfiguration.swift in Sources */,
				8AE9CCF32CC4215B00399F1E /* AppDIContainer.swift in Sources */,
				8A0A06DB2D6CA01B009D44D8 /* CustomTabBarView.swift in Sources */,
				8A8C18722B728E15008E3C8C /* ArticleTabView.swift in Sources */,
				8A9CFC942B4EC7B500F70B13 /* ItemCardView.swift in Sources */,
				8A6EAA142CC2E30F008A6226 /* URLRequestGenerator.swift in Sources */,
			);
			runOnlyForDeploymentPostprocessing = 0;
		};
		8A7877CA2D2D865A00554DA6 /* Sources */ = {
			isa = PBXSourcesBuildPhase;
			buildActionMask = 2147483647;
			files = (
			);
			runOnlyForDeploymentPostprocessing = 0;
		};
/* End PBXSourcesBuildPhase section */

/* Begin PBXTargetDependency section */
		8A7877D32D2D865A00554DA6 /* PBXTargetDependency */ = {
			isa = PBXTargetDependency;
			target = 8A4E22B82B4A2BCA006D71C6 /* NewsApp */;
			targetProxy = 8A7877D22D2D865A00554DA6 /* PBXContainerItemProxy */;
		};
/* End PBXTargetDependency section */

/* Begin XCBuildConfiguration section */
		8A4E22DB2B4A2BCD006D71C6 /* Dev */ = {
			isa = XCBuildConfiguration;
			buildSettings = {
				ALWAYS_SEARCH_USER_PATHS = NO;
				ASSETCATALOG_COMPILER_GENERATE_SWIFT_ASSET_SYMBOL_EXTENSIONS = YES;
				CLANG_ANALYZER_NONNULL = YES;
				CLANG_ANALYZER_NUMBER_OBJECT_CONVERSION = YES_AGGRESSIVE;
				CLANG_CXX_LANGUAGE_STANDARD = "gnu++20";
				CLANG_ENABLE_MODULES = YES;
				CLANG_ENABLE_OBJC_ARC = YES;
				CLANG_ENABLE_OBJC_WEAK = YES;
				CLANG_WARN_BLOCK_CAPTURE_AUTORELEASING = YES;
				CLANG_WARN_BOOL_CONVERSION = YES;
				CLANG_WARN_COMMA = YES;
				CLANG_WARN_CONSTANT_CONVERSION = YES;
				CLANG_WARN_DEPRECATED_OBJC_IMPLEMENTATIONS = YES;
				CLANG_WARN_DIRECT_OBJC_ISA_USAGE = YES_ERROR;
				CLANG_WARN_DOCUMENTATION_COMMENTS = YES;
				CLANG_WARN_EMPTY_BODY = YES;
				CLANG_WARN_ENUM_CONVERSION = YES;
				CLANG_WARN_INFINITE_RECURSION = YES;
				CLANG_WARN_INT_CONVERSION = YES;
				CLANG_WARN_NON_LITERAL_NULL_CONVERSION = YES;
				CLANG_WARN_OBJC_IMPLICIT_RETAIN_SELF = YES;
				CLANG_WARN_OBJC_LITERAL_CONVERSION = YES;
				CLANG_WARN_OBJC_ROOT_CLASS = YES_ERROR;
				CLANG_WARN_QUOTED_INCLUDE_IN_FRAMEWORK_HEADER = YES;
				CLANG_WARN_RANGE_LOOP_ANALYSIS = YES;
				CLANG_WARN_STRICT_PROTOTYPES = YES;
				CLANG_WARN_SUSPICIOUS_MOVE = YES;
				CLANG_WARN_UNGUARDED_AVAILABILITY = YES_AGGRESSIVE;
				CLANG_WARN_UNREACHABLE_CODE = YES;
				CLANG_WARN__DUPLICATE_METHOD_MATCH = YES;
				COPY_PHASE_STRIP = NO;
				DEBUG_INFORMATION_FORMAT = dwarf;
				ENABLE_STRICT_OBJC_MSGSEND = YES;
				ENABLE_TESTABILITY = YES;
				ENABLE_USER_SCRIPT_SANDBOXING = YES;
				GCC_C_LANGUAGE_STANDARD = gnu17;
				GCC_DYNAMIC_NO_PIC = NO;
				GCC_NO_COMMON_BLOCKS = YES;
				GCC_OPTIMIZATION_LEVEL = 0;
				GCC_PREPROCESSOR_DEFINITIONS = (
					"DEBUG=1",
					"$(inherited)",
				);
				GCC_WARN_64_TO_32_BIT_CONVERSION = YES;
				GCC_WARN_ABOUT_RETURN_TYPE = YES_ERROR;
				GCC_WARN_UNDECLARED_SELECTOR = YES;
				GCC_WARN_UNINITIALIZED_AUTOS = YES_AGGRESSIVE;
				GCC_WARN_UNUSED_FUNCTION = YES;
				GCC_WARN_UNUSED_VARIABLE = YES;
				IPHONEOS_DEPLOYMENT_TARGET = 17.2;
				LOCALIZATION_PREFERS_STRING_CATALOGS = YES;
				MTL_ENABLE_DEBUG_INFO = INCLUDE_SOURCE;
				MTL_FAST_MATH = YES;
				ONLY_ACTIVE_ARCH = YES;
				SDKROOT = iphoneos;
				SWIFT_ACTIVE_COMPILATION_CONDITIONS = "DEBUG $(inherited)";
				SWIFT_OPTIMIZATION_LEVEL = "-Onone";
			};
			name = Dev;
		};
		8A4E22DE2B4A2BCD006D71C6 /* Dev */ = {
			isa = XCBuildConfiguration;
			baseConfigurationReference = 8AABBC972B963BD100D78C5D /* Dev.xcconfig */;
			buildSettings = {
				ASSETCATALOG_COMPILER_APPICON_NAME = AppIcon;
				ASSETCATALOG_COMPILER_GLOBAL_ACCENT_COLOR_NAME = AccentColor;
				CODE_SIGN_STYLE = Automatic;
				CURRENT_PROJECT_VERSION = 1;
				DEVELOPMENT_ASSET_PATHS = "\"NewsApp/Resources/Preview Content\"";
				DEVELOPMENT_TEAM = X55H9FTVGN;
				ENABLE_PREVIEWS = YES;
				ENABLE_TESTING_SEARCH_PATHS = YES;
				GENERATE_INFOPLIST_FILE = YES;
				INFOPLIST_FILE = NewsApp/Resources/Info.plist;
				INFOPLIST_KEY_NSSupportsLiveActivities = YES;
				INFOPLIST_KEY_UIApplicationSceneManifest_Generation = YES;
				INFOPLIST_KEY_UIApplicationSupportsIndirectInputEvents = YES;
				INFOPLIST_KEY_UILaunchScreen_Generation = YES;
				INFOPLIST_KEY_UISupportedInterfaceOrientations_iPad = "UIInterfaceOrientationPortrait UIInterfaceOrientationPortraitUpsideDown UIInterfaceOrientationLandscapeLeft UIInterfaceOrientationLandscapeRight";
				INFOPLIST_KEY_UISupportedInterfaceOrientations_iPhone = "UIInterfaceOrientationPortrait UIInterfaceOrientationLandscapeLeft UIInterfaceOrientationLandscapeRight";
				IPHONEOS_DEPLOYMENT_TARGET = 17.5;
				LD_RUNPATH_SEARCH_PATHS = (
					"$(inherited)",
					"@executable_path/Frameworks",
				);
				MARKETING_VERSION = 1.0;
				NEW_SETTING = "";
				PRODUCT_BUNDLE_IDENTIFIER = com.juliorodriguez.newsApp;
				PRODUCT_NAME = "$(TARGET_NAME)";
				SWIFT_EMIT_LOC_STRINGS = YES;
				SWIFT_VERSION = 5.0;
				TARGETED_DEVICE_FAMILY = "1,2";
			};
			name = Dev;
		};
		8A7877D52D2D865A00554DA6 /* Dev */ = {
			isa = XCBuildConfiguration;
			buildSettings = {
				ALWAYS_SEARCH_USER_PATHS = NO;
				ASSETCATALOG_COMPILER_GENERATE_SWIFT_ASSET_SYMBOL_EXTENSIONS = YES;
				BUNDLE_LOADER = "$(TEST_HOST)";
				CLANG_ANALYZER_NONNULL = YES;
				CLANG_ANALYZER_NUMBER_OBJECT_CONVERSION = YES_AGGRESSIVE;
				CLANG_CXX_LANGUAGE_STANDARD = "gnu++20";
				CLANG_ENABLE_MODULES = YES;
				CLANG_ENABLE_OBJC_ARC = YES;
				CLANG_ENABLE_OBJC_WEAK = YES;
				CLANG_WARN_BLOCK_CAPTURE_AUTORELEASING = YES;
				CLANG_WARN_BOOL_CONVERSION = YES;
				CLANG_WARN_COMMA = YES;
				CLANG_WARN_CONSTANT_CONVERSION = YES;
				CLANG_WARN_DEPRECATED_OBJC_IMPLEMENTATIONS = YES;
				CLANG_WARN_DIRECT_OBJC_ISA_USAGE = YES_ERROR;
				CLANG_WARN_DOCUMENTATION_COMMENTS = YES;
				CLANG_WARN_EMPTY_BODY = YES;
				CLANG_WARN_ENUM_CONVERSION = YES;
				CLANG_WARN_INFINITE_RECURSION = YES;
				CLANG_WARN_INT_CONVERSION = YES;
				CLANG_WARN_NON_LITERAL_NULL_CONVERSION = YES;
				CLANG_WARN_OBJC_IMPLICIT_RETAIN_SELF = YES;
				CLANG_WARN_OBJC_LITERAL_CONVERSION = YES;
				CLANG_WARN_OBJC_ROOT_CLASS = YES_ERROR;
				CLANG_WARN_QUOTED_INCLUDE_IN_FRAMEWORK_HEADER = YES;
				CLANG_WARN_RANGE_LOOP_ANALYSIS = YES;
				CLANG_WARN_STRICT_PROTOTYPES = YES;
				CLANG_WARN_SUSPICIOUS_MOVE = YES;
				CLANG_WARN_UNGUARDED_AVAILABILITY = YES_AGGRESSIVE;
				CLANG_WARN_UNREACHABLE_CODE = YES;
				CLANG_WARN__DUPLICATE_METHOD_MATCH = YES;
				CODE_SIGN_STYLE = Automatic;
				COPY_PHASE_STRIP = NO;
				CURRENT_PROJECT_VERSION = 1;
				DEBUG_INFORMATION_FORMAT = dwarf;
				DEVELOPMENT_TEAM = X55H9FTVGN;
				ENABLE_STRICT_OBJC_MSGSEND = YES;
				ENABLE_TESTABILITY = YES;
				ENABLE_USER_SCRIPT_SANDBOXING = YES;
				GCC_C_LANGUAGE_STANDARD = gnu17;
				GCC_DYNAMIC_NO_PIC = NO;
				GCC_NO_COMMON_BLOCKS = YES;
				GCC_OPTIMIZATION_LEVEL = 0;
				GCC_PREPROCESSOR_DEFINITIONS = (
					"DEBUG=1",
					"$(inherited)",
				);
				GCC_WARN_64_TO_32_BIT_CONVERSION = YES;
				GCC_WARN_ABOUT_RETURN_TYPE = YES_ERROR;
				GCC_WARN_UNDECLARED_SELECTOR = YES;
				GCC_WARN_UNINITIALIZED_AUTOS = YES_AGGRESSIVE;
				GCC_WARN_UNUSED_FUNCTION = YES;
				GCC_WARN_UNUSED_VARIABLE = YES;
				GENERATE_INFOPLIST_FILE = YES;
				IPHONEOS_DEPLOYMENT_TARGET = 18.2;
				LOCALIZATION_PREFERS_STRING_CATALOGS = YES;
				MARKETING_VERSION = 1.0;
				MTL_ENABLE_DEBUG_INFO = INCLUDE_SOURCE;
				MTL_FAST_MATH = YES;
				ONLY_ACTIVE_ARCH = YES;
				PRODUCT_BUNDLE_IDENTIFIER = com.Wenea.NewsAppTests;
				PRODUCT_NAME = "$(TARGET_NAME)";
				SDKROOT = iphoneos;
				SWIFT_ACTIVE_COMPILATION_CONDITIONS = "DEBUG $(inherited)";
				SWIFT_EMIT_LOC_STRINGS = NO;
				SWIFT_OPTIMIZATION_LEVEL = "-Onone";
				SWIFT_VERSION = 5.0;
				TARGETED_DEVICE_FAMILY = "1,2";
				TEST_HOST = "$(BUILT_PRODUCTS_DIR)/NewsApp.app/$(BUNDLE_EXECUTABLE_FOLDER_PATH)/NewsApp";
			};
			name = Dev;
		};
/* End XCBuildConfiguration section */

/* Begin XCConfigurationList section */
		8A4E22B42B4A2BCA006D71C6 /* Build configuration list for PBXProject "NewsApp" */ = {
			isa = XCConfigurationList;
			buildConfigurations = (
				8A4E22DB2B4A2BCD006D71C6 /* Dev */,
			);
			defaultConfigurationIsVisible = 0;
			defaultConfigurationName = Dev;
		};
		8A4E22DD2B4A2BCD006D71C6 /* Build configuration list for PBXNativeTarget "NewsApp" */ = {
			isa = XCConfigurationList;
			buildConfigurations = (
				8A4E22DE2B4A2BCD006D71C6 /* Dev */,
			);
			defaultConfigurationIsVisible = 0;
			defaultConfigurationName = Dev;
		};
		8A7877D42D2D865A00554DA6 /* Build configuration list for PBXNativeTarget "NewsAppTests" */ = {
			isa = XCConfigurationList;
			buildConfigurations = (
				8A7877D52D2D865A00554DA6 /* Dev */,
			);
			defaultConfigurationIsVisible = 0;
			defaultConfigurationName = Dev;
		};
/* End XCConfigurationList section */

/* Begin XCRemoteSwiftPackageReference section */
		8A8386752B85662F00FEC3BD /* XCRemoteSwiftPackageReference "firebase-ios-sdk" */ = {
			isa = XCRemoteSwiftPackageReference;
			repositoryURL = "https://github.com/firebase/firebase-ios-sdk";
			requirement = {
				kind = upToNextMajorVersion;
				minimumVersion = 10.21.0;
			};
		};
		8A91CC002B8FB18800F673C5 /* XCRemoteSwiftPackageReference "Mocker" */ = {
			isa = XCRemoteSwiftPackageReference;
			repositoryURL = "https://github.com/WeTransfer/Mocker.git";
			requirement = {
				kind = upToNextMajorVersion;
				minimumVersion = 3.0.2;
			};
		};
		8A9FEC622B93D2750027A3E6 /* XCRemoteSwiftPackageReference "SwiftyBeaver" */ = {
			isa = XCRemoteSwiftPackageReference;
			repositoryURL = "https://github.com/SwiftyBeaver/SwiftyBeaver.git";
			requirement = {
				kind = upToNextMajorVersion;
				minimumVersion = 2.0.0;
			};
		};
		8AAB4D092B76599200C71B36 /* XCRemoteSwiftPackageReference "Alamofire" */ = {
			isa = XCRemoteSwiftPackageReference;
			repositoryURL = "https://github.com/Alamofire/Alamofire.git";
			requirement = {
				kind = upToNextMajorVersion;
				minimumVersion = 5.8.1;
			};
		};
/* End XCRemoteSwiftPackageReference section */

/* Begin XCSwiftPackageProductDependency section */
		8A91CC012B8FB18800F673C5 /* Mocker */ = {
			isa = XCSwiftPackageProductDependency;
			package = 8A91CC002B8FB18800F673C5 /* XCRemoteSwiftPackageReference "Mocker" */;
			productName = Mocker;
		};
		8A9FEC632B93D2750027A3E6 /* SwiftyBeaver */ = {
			isa = XCSwiftPackageProductDependency;
			package = 8A9FEC622B93D2750027A3E6 /* XCRemoteSwiftPackageReference "SwiftyBeaver" */;
			productName = SwiftyBeaver;
		};
		8AAB4D0A2B76599200C71B36 /* Alamofire */ = {
			isa = XCSwiftPackageProductDependency;
			package = 8AAB4D092B76599200C71B36 /* XCRemoteSwiftPackageReference "Alamofire" */;
			productName = Alamofire;
		};
/* End XCSwiftPackageProductDependency section */
	};
	rootObject = 8A4E22B12B4A2BCA006D71C6 /* Project object */;
}
