// !$*UTF8*$!
{
	archiveVersion = 1;
	classes = {
	};
	objectVersion = 70;
	objects = {

/* Begin PBXBuildFile section */
		8A4E22BD2B4A2BCA006D71C6 /* NewsApp.swift in Sources */ = {isa = PBXBuildFile; fileRef = 8A4E22BC2B4A2BCA006D71C6 /* NewsApp.swift */; };
		8A91CC022B8FB18800F673C5 /* Mocker in Frameworks */ = {isa = PBXBuildFile; productRef = 8A91CC012B8FB18800F673C5 /* Mocker */; settings = {ATTRIBUTES = (Weak, ); }; };
		8A9FEC642B93D2750027A3E6 /* SwiftyBeaver in Frameworks */ = {isa = PBXBuildFile; productRef = 8A9FEC632B93D2750027A3E6 /* SwiftyBeaver */; };
		8AAB4D0B2B76599200C71B36 /* Alamofire in Frameworks */ = {isa = PBXBuildFile; productRef = 8AAB4D0A2B76599200C71B36 /* Alamofire */; };
		8AE9CCF32CC4215B00399F1E /* AppDIContainer.swift in Sources */ = {isa = PBXBuildFile; fileRef = 8AE9CCF22CC4215B00399F1E /* AppDIContainer.swift */; };
		8AE9CCF52CC4227C00399F1E /* AppConfiguration.swift in Sources */ = {isa = PBXBuildFile; fileRef = 8AE9CCF42CC4227C00399F1E /* AppConfiguration.swift */; };
/* End PBXBuildFile section */

/* Begin PBXContainerItemProxy section */
		8A7877D22D2D865A00554DA6 /* PBXContainerItemProxy */ = {
			isa = PBXContainerItemProxy;
			containerPortal = 8A4E22B12B4A2BCA006D71C6 /* Project object */;
			proxyType = 1;
			remoteGlobalIDString = 8A4E22B82B4A2BCA006D71C6;
			remoteInfo = NewsApp;
		};
/* End PBXContainerItemProxy section */

/* Begin PBXCopyFilesBuildPhase section */
		8A165D092CD242240058C247 /* Embed Foundation Extensions */ = {
			isa = PBXCopyFilesBuildPhase;
			buildActionMask = 2147483647;
			dstPath = "";
			dstSubfolderSpec = 13;
			files = (
			);
			name = "Embed Foundation Extensions";
			runOnlyForDeploymentPostprocessing = 0;
		};
/* End PBXCopyFilesBuildPhase section */

/* Begin PBXFileReference section */
		8A165CF62CD242220058C247 /* SwiftUI.framework */ = {isa = PBXFileReference; lastKnownFileType = wrapper.framework; name = SwiftUI.framework; path = System/Library/Frameworks/SwiftUI.framework; sourceTree = SDKROOT; };
		8A4E22B92B4A2BCA006D71C6 /* NewsApp.app */ = {isa = PBXFileReference; explicitFileType = wrapper.application; includeInIndex = 0; path = NewsApp.app; sourceTree = BUILT_PRODUCTS_DIR; };
		8A4E22BC2B4A2BCA006D71C6 /* NewsApp.swift */ = {isa = PBXFileReference; lastKnownFileType = sourcecode.swift; path = NewsApp.swift; sourceTree = "<group>"; };
		8A7877CE2D2D865A00554DA6 /* NewsAppTests.xctest */ = {isa = PBXFileReference; explicitFileType = wrapper.cfbundle; includeInIndex = 0; path = NewsAppTests.xctest; sourceTree = BUILT_PRODUCTS_DIR; };
		8AE9CCF22CC4215B00399F1E /* AppDIContainer.swift */ = {isa = PBXFileReference; lastKnownFileType = sourcecode.swift; path = AppDIContainer.swift; sourceTree = "<group>"; };
		8AE9CCF42CC4227C00399F1E /* AppConfiguration.swift */ = {isa = PBXFileReference; lastKnownFileType = sourcecode.swift; path = AppConfiguration.swift; sourceTree = "<group>"; };
/* End PBXFileReference section */

/* Begin PBXFileSystemSynchronizedBuildFileExceptionSet section */
		8AAA2B4A2DC83C78005D5D7C /* PBXFileSystemSynchronizedBuildFileExceptionSet */ = {
			isa = PBXFileSystemSynchronizedBuildFileExceptionSet;
			membershipExceptions = (
				Articles/Domain/Environments/Dev.xcconfig,
				Articles/Resources/Info.plist,
			);
			target = 8A4E22B82B4A2BCA006D71C6 /* NewsApp */;
		};
/* End PBXFileSystemSynchronizedBuildFileExceptionSet section */

/* Begin PBXFileSystemSynchronizedRootGroup section */
		8A7877CF2D2D865A00554DA6 /* NewsAppTests */ = {isa = PBXFileSystemSynchronizedRootGroup; explicitFileTypes = {}; explicitFolders = (); path = NewsAppTests; sourceTree = "<group>"; };
		8AAA2B202DC83C64005D5D7C /* Modules */ = {isa = PBXFileSystemSynchronizedRootGroup; exceptions = (8AAA2B4A2DC83C78005D5D7C /* PBXFileSystemSynchronizedBuildFileExceptionSet */, ); explicitFileTypes = {}; explicitFolders = (); path = Modules; sourceTree = "<group>"; };
/* End PBXFileSystemSynchronizedRootGroup section */

/* Begin PBXFrameworksBuildPhase section */
		8A4E22B62B4A2BCA006D71C6 /* Frameworks */ = {
			isa = PBXFrameworksBuildPhase;
			buildActionMask = 2147483647;
			files = (
				8AAB4D0B2B76599200C71B36 /* Alamofire in Frameworks */,
				8A91CC022B8FB18800F673C5 /* Mocker in Frameworks */,
				8A9FEC642B93D2750027A3E6 /* SwiftyBeaver in Frameworks */,
			);
			runOnlyForDeploymentPostprocessing = 0;
		};
		8A7877CB2D2D865A00554DA6 /* Frameworks */ = {
			isa = PBXFrameworksBuildPhase;
			buildActionMask = 2147483647;
			files = (
			);
			runOnlyForDeploymentPostprocessing = 0;
		};
/* End PBXFrameworksBuildPhase section */

/* Begin PBXGroup section */
		8A165CF32CD242220058C247 /* Frameworks */ = {
			isa = PBXGroup;
			children = (
				8A165CF62CD242220058C247 /* SwiftUI.framework */,
			);
			name = Frameworks;
			sourceTree = "<group>";
		};
		8A4E22B02B4A2BCA006D71C6 = {
			isa = PBXGroup;
			children = (
				8A4E22BB2B4A2BCA006D71C6 /* NewsApp */,
				8A7877CF2D2D865A00554DA6 /* NewsAppTests */,
				8A165CF32CD242220058C247 /* Frameworks */,
				8A4E22BA2B4A2BCA006D71C6 /* Products */,
			);
			sourceTree = "<group>";
		};
		8A4E22BA2B4A2BCA006D71C6 /* Products */ = {
			isa = PBXGroup;
			children = (
				8A4E22B92B4A2BCA006D71C6 /* NewsApp.app */,
				8A7877CE2D2D865A00554DA6 /* NewsAppTests.xctest */,
			);
			name = Products;
			sourceTree = "<group>";
		};
		8A4E22BB2B4A2BCA006D71C6 /* NewsApp */ = {
			isa = PBXGroup;
			children = (
				8AAA2B202DC83C64005D5D7C /* Modules */,
				8A5967BF2C85FE5A000A9545 /* Application */,
			);
			path = NewsApp;
			sourceTree = "<group>";
		};
		8A5967BF2C85FE5A000A9545 /* Application */ = {
			isa = PBXGroup;
			children = (
				8AE9CCF22CC4215B00399F1E /* AppDIContainer.swift */,
				8AE9CCF42CC4227C00399F1E /* AppConfiguration.swift */,
				8A4E22BC2B4A2BCA006D71C6 /* NewsApp.swift */,
			);
			path = Application;
			sourceTree = "<group>";
		};
/* End PBXGroup section */

/* Begin PBXNativeTarget section */
		8A4E22B82B4A2BCA006D71C6 /* NewsApp */ = {
			isa = PBXNativeTarget;
			buildConfigurationList = 8A4E22DD2B4A2BCD006D71C6 /* Build configuration list for PBXNativeTarget "NewsApp" */;
			buildPhases = (
				8A4E22B52B4A2BCA006D71C6 /* Sources */,
				8A4E22B62B4A2BCA006D71C6 /* Frameworks */,
				8A4E22B72B4A2BCA006D71C6 /* Resources */,
				8A165D092CD242240058C247 /* Embed Foundation Extensions */,
			);
			buildRules = (
			);
			dependencies = (
			);
			fileSystemSynchronizedGroups = (
				8AAA2B202DC83C64005D5D7C /* Modules */,
			);
			name = NewsApp;
			packageProductDependencies = (
				8AAB4D0A2B76599200C71B36 /* Alamofire */,
				8A91CC012B8FB18800F673C5 /* Mocker */,
				8A9FEC632B93D2750027A3E6 /* SwiftyBeaver */,
			);
			productName = NewsApp;
			productReference = 8A4E22B92B4A2BCA006D71C6 /* NewsApp.app */;
			productType = "com.apple.product-type.application";
		};
		8A7877CD2D2D865A00554DA6 /* NewsAppTests */ = {
			isa = PBXNativeTarget;
			buildConfigurationList = 8A7877D42D2D865A00554DA6 /* Build configuration list for PBXNativeTarget "NewsAppTests" */;
			buildPhases = (
				8A7877CA2D2D865A00554DA6 /* Sources */,
				8A7877CB2D2D865A00554DA6 /* Frameworks */,
				8A7877CC2D2D865A00554DA6 /* Resources */,
			);
			buildRules = (
			);
			dependencies = (
				8A7877D32D2D865A00554DA6 /* PBXTargetDependency */,
			);
			fileSystemSynchronizedGroups = (
				8A7877CF2D2D865A00554DA6 /* NewsAppTests */,
			);
			name = NewsAppTests;
			packageProductDependencies = (
			);
			productName = NewsAppTests;
			productReference = 8A7877CE2D2D865A00554DA6 /* NewsAppTests.xctest */;
			productType = "com.apple.product-type.bundle.unit-test";
		};
/* End PBXNativeTarget section */

/* Begin PBXProject section */
		8A4E22B12B4A2BCA006D71C6 /* Project object */ = {
			isa = PBXProject;
			attributes = {
				BuildIndependentTargetsInParallel = 1;
				LastSwiftUpdateCheck = 1620;
				LastUpgradeCheck = 1510;
				TargetAttributes = {
					8A4E22B82B4A2BCA006D71C6 = {
						CreatedOnToolsVersion = 15.1;
					};
					8A7877CD2D2D865A00554DA6 = {
						CreatedOnToolsVersion = 16.2;
						TestTargetID = 8A4E22B82B4A2BCA006D71C6;
					};
				};
			};
			buildConfigurationList = 8A4E22B42B4A2BCA006D71C6 /* Build configuration list for PBXProject "NewsApp" */;
			compatibilityVersion = "Xcode 14.0";
			developmentRegion = en;
			hasScannedForEncodings = 0;
			knownRegions = (
				en,
				Base,
			);
			mainGroup = 8A4E22B02B4A2BCA006D71C6;
			packageReferences = (
				8AAB4D092B76599200C71B36 /* XCRemoteSwiftPackageReference "Alamofire" */,
				8A8386752B85662F00FEC3BD /* XCRemoteSwiftPackageReference "firebase-ios-sdk" */,
				8A91CC002B8FB18800F673C5 /* XCRemoteSwiftPackageReference "Mocker" */,
				8A9FEC622B93D2750027A3E6 /* XCRemoteSwiftPackageReference "SwiftyBeaver" */,
			);
			productRefGroup = 8A4E22BA2B4A2BCA006D71C6 /* Products */;
			projectDirPath = "";
			projectRoot = "";
			targets = (
				8A4E22B82B4A2BCA006D71C6 /* NewsApp */,
				8A7877CD2D2D865A00554DA6 /* NewsAppTests */,
			);
		};
/* End PBXProject section */

/* Begin PBXResourcesBuildPhase section */
		8A4E22B72B4A2BCA006D71C6 /* Resources */ = {
			isa = PBXResourcesBuildPhase;
			buildActionMask = 2147483647;
			files = (
			);
			runOnlyForDeploymentPostprocessing = 0;
		};
		8A7877CC2D2D865A00554DA6 /* Resources */ = {
			isa = PBXResourcesBuildPhase;
			buildActionMask = 2147483647;
			files = (
			);
			runOnlyForDeploymentPostprocessing = 0;
		};
/* End PBXResourcesBuildPhase section */

/* Begin PBXSourcesBuildPhase section */
		8A4E22B52B4A2BCA006D71C6 /* Sources */ = {
			isa = PBXSourcesBuildPhase;
			buildActionMask = 2147483647;
			files = (
				8A4E22BD2B4A2BCA006D71C6 /* NewsApp.swift in Sources */,
				8AE9CCF52CC4227C00399F1E /* AppConfiguration.swift in Sources */,
				8AE9CCF32CC4215B00399F1E /* AppDIContainer.swift in Sources */,
			);
			runOnlyForDeploymentPostprocessing = 0;
		};
		8A7877CA2D2D865A00554DA6 /* Sources */ = {
			isa = PBXSourcesBuildPhase;
			buildActionMask = 2147483647;
			files = (
			);
			runOnlyForDeploymentPostprocessing = 0;
		};
/* End PBXSourcesBuildPhase section */

/* Begin PBXTargetDependency section */
		8A7877D32D2D865A00554DA6 /* PBXTargetDependency */ = {
			isa = PBXTargetDependency;
			target = 8A4E22B82B4A2BCA006D71C6 /* NewsApp */;
			targetProxy = 8A7877D22D2D865A00554DA6 /* PBXContainerItemProxy */;
		};
/* End PBXTargetDependency section */

/* Begin XCBuildConfiguration section */
		8A4E22DB2B4A2BCD006D71C6 /* Dev */ = {
			isa = XCBuildConfiguration;
			buildSettings = {
				ALWAYS_SEARCH_USER_PATHS = NO;
				ASSETCATALOG_COMPILER_GENERATE_SWIFT_ASSET_SYMBOL_EXTENSIONS = YES;
				CLANG_ANALYZER_NONNULL = YES;
				CLANG_ANALYZER_NUMBER_OBJECT_CONVERSION = YES_AGGRESSIVE;
				CLANG_CXX_LANGUAGE_STANDARD = "gnu++20";
				CLANG_ENABLE_MODULES = YES;
				CLANG_ENABLE_OBJC_ARC = YES;
				CLANG_ENABLE_OBJC_WEAK = YES;
				CLANG_WARN_BLOCK_CAPTURE_AUTORELEASING = YES;
				CLANG_WARN_BOOL_CONVERSION = YES;
				CLANG_WARN_COMMA = YES;
				CLANG_WARN_CONSTANT_CONVERSION = YES;
				CLANG_WARN_DEPRECATED_OBJC_IMPLEMENTATIONS = YES;
				CLANG_WARN_DIRECT_OBJC_ISA_USAGE = YES_ERROR;
				CLANG_WARN_DOCUMENTATION_COMMENTS = YES;
				CLANG_WARN_EMPTY_BODY = YES;
				CLANG_WARN_ENUM_CONVERSION = YES;
				CLANG_WARN_INFINITE_RECURSION = YES;
				CLANG_WARN_INT_CONVERSION = YES;
				CLANG_WARN_NON_LITERAL_NULL_CONVERSION = YES;
				CLANG_WARN_OBJC_IMPLICIT_RETAIN_SELF = YES;
				CLANG_WARN_OBJC_LITERAL_CONVERSION = YES;
				CLANG_WARN_OBJC_ROOT_CLASS = YES_ERROR;
				CLANG_WARN_QUOTED_INCLUDE_IN_FRAMEWORK_HEADER = YES;
				CLANG_WARN_RANGE_LOOP_ANALYSIS = YES;
				CLANG_WARN_STRICT_PROTOTYPES = YES;
				CLANG_WARN_SUSPICIOUS_MOVE = YES;
				CLANG_WARN_UNGUARDED_AVAILABILITY = YES_AGGRESSIVE;
				CLANG_WARN_UNREACHABLE_CODE = YES;
				CLANG_WARN__DUPLICATE_METHOD_MATCH = YES;
				COPY_PHASE_STRIP = NO;
				DEBUG_INFORMATION_FORMAT = dwarf;
				ENABLE_STRICT_OBJC_MSGSEND = YES;
				ENABLE_TESTABILITY = YES;
				ENABLE_USER_SCRIPT_SANDBOXING = YES;
				GCC_C_LANGUAGE_STANDARD = gnu17;
				GCC_DYNAMIC_NO_PIC = NO;
				GCC_NO_COMMON_BLOCKS = YES;
				GCC_OPTIMIZATION_LEVEL = 0;
				GCC_PREPROCESSOR_DEFINITIONS = (
					"DEBUG=1",
					"$(inherited)",
				);
				GCC_WARN_64_TO_32_BIT_CONVERSION = YES;
				GCC_WARN_ABOUT_RETURN_TYPE = YES_ERROR;
				GCC_WARN_UNDECLARED_SELECTOR = YES;
				GCC_WARN_UNINITIALIZED_AUTOS = YES_AGGRESSIVE;
				GCC_WARN_UNUSED_FUNCTION = YES;
				GCC_WARN_UNUSED_VARIABLE = YES;
				IPHONEOS_DEPLOYMENT_TARGET = 17.2;
				LOCALIZATION_PREFERS_STRING_CATALOGS = YES;
				MTL_ENABLE_DEBUG_INFO = INCLUDE_SOURCE;
				MTL_FAST_MATH = YES;
				ONLY_ACTIVE_ARCH = YES;
				SDKROOT = iphoneos;
				SWIFT_ACTIVE_COMPILATION_CONDITIONS = "DEBUG $(inherited)";
				SWIFT_OPTIMIZATION_LEVEL = "-Onone";
			};
			name = Dev;
		};
		8A4E22DE2B4A2BCD006D71C6 /* Dev */ = {
			isa = XCBuildConfiguration;
			buildSettings = {
				ASSETCATALOG_COMPILER_APPICON_NAME = AppIcon;
				ASSETCATALOG_COMPILER_GLOBAL_ACCENT_COLOR_NAME = AccentColor;
				CODE_SIGN_STYLE = Automatic;
				CURRENT_PROJECT_VERSION = 1;
				DEVELOPMENT_ASSET_PATHS = "\"NewsApp/Modules/Articles/Resources/Preview Content\"";
				DEVELOPMENT_TEAM = X55H9FTVGN;
				ENABLE_PREVIEWS = YES;
				ENABLE_TESTING_SEARCH_PATHS = YES;
				GENERATE_INFOPLIST_FILE = YES;
				INFOPLIST_FILE = NewsApp/Resources/Info.plist;
				INFOPLIST_KEY_NSSupportsLiveActivities = YES;
				INFOPLIST_KEY_UIApplicationSceneManifest_Generation = YES;
				INFOPLIST_KEY_UIApplicationSupportsIndirectInputEvents = YES;
				INFOPLIST_KEY_UILaunchScreen_Generation = YES;
				INFOPLIST_KEY_UISupportedInterfaceOrientations_iPad = "UIInterfaceOrientationPortrait UIInterfaceOrientationPortraitUpsideDown UIInterfaceOrientationLandscapeLeft UIInterfaceOrientationLandscapeRight";
				INFOPLIST_KEY_UISupportedInterfaceOrientations_iPhone = "UIInterfaceOrientationPortrait UIInterfaceOrientationLandscapeLeft UIInterfaceOrientationLandscapeRight";
				IPHONEOS_DEPLOYMENT_TARGET = 17.5;
				LD_RUNPATH_SEARCH_PATHS = (
					"$(inherited)",
					"@executable_path/Frameworks",
				);
				MARKETING_VERSION = 1.0;
				NEW_SETTING = "";
				PRODUCT_BUNDLE_IDENTIFIER = com.juliorodriguez.newsApp;
				PRODUCT_NAME = "$(TARGET_NAME)";
				SWIFT_EMIT_LOC_STRINGS = YES;
				SWIFT_VERSION = 5.0;
				TARGETED_DEVICE_FAMILY = "1,2";
			};
			name = Dev;
		};
		8A7877D52D2D865A00554DA6 /* Dev */ = {
			isa = XCBuildConfiguration;
			buildSettings = {
				ALWAYS_SEARCH_USER_PATHS = NO;
				ASSETCATALOG_COMPILER_GENERATE_SWIFT_ASSET_SYMBOL_EXTENSIONS = YES;
				BUNDLE_LOADER = "$(TEST_HOST)";
				CLANG_ANALYZER_NONNULL = YES;
				CLANG_ANALYZER_NUMBER_OBJECT_CONVERSION = YES_AGGRESSIVE;
				CLANG_CXX_LANGUAGE_STANDARD = "gnu++20";
				CLANG_ENABLE_MODULES = YES;
				CLANG_ENABLE_OBJC_ARC = YES;
				CLANG_ENABLE_OBJC_WEAK = YES;
				CLANG_WARN_BLOCK_CAPTURE_AUTORELEASING = YES;
				CLANG_WARN_BOOL_CONVERSION = YES;
				CLANG_WARN_COMMA = YES;
				CLANG_WARN_CONSTANT_CONVERSION = YES;
				CLANG_WARN_DEPRECATED_OBJC_IMPLEMENTATIONS = YES;
				CLANG_WARN_DIRECT_OBJC_ISA_USAGE = YES_ERROR;
				CLANG_WARN_DOCUMENTATION_COMMENTS = YES;
				CLANG_WARN_EMPTY_BODY = YES;
				CLANG_WARN_ENUM_CONVERSION = YES;
				CLANG_WARN_INFINITE_RECURSION = YES;
				CLANG_WARN_INT_CONVERSION = YES;
				CLANG_WARN_NON_LITERAL_NULL_CONVERSION = YES;
				CLANG_WARN_OBJC_IMPLICIT_RETAIN_SELF = YES;
				CLANG_WARN_OBJC_LITERAL_CONVERSION = YES;
				CLANG_WARN_OBJC_ROOT_CLASS = YES_ERROR;
				CLANG_WARN_QUOTED_INCLUDE_IN_FRAMEWORK_HEADER = YES;
				CLANG_WARN_RANGE_LOOP_ANALYSIS = YES;
				CLANG_WARN_STRICT_PROTOTYPES = YES;
				CLANG_WARN_SUSPICIOUS_MOVE = YES;
				CLANG_WARN_UNGUARDED_AVAILABILITY = YES_AGGRESSIVE;
				CLANG_WARN_UNREACHABLE_CODE = YES;
				CLANG_WARN__DUPLICATE_METHOD_MATCH = YES;
				CODE_SIGN_STYLE = Automatic;
				COPY_PHASE_STRIP = NO;
				CURRENT_PROJECT_VERSION = 1;
				DEBUG_INFORMATION_FORMAT = dwarf;
				DEVELOPMENT_TEAM = X55H9FTVGN;
				ENABLE_STRICT_OBJC_MSGSEND = YES;
				ENABLE_TESTABILITY = YES;
				ENABLE_USER_SCRIPT_SANDBOXING = YES;
				GCC_C_LANGUAGE_STANDARD = gnu17;
				GCC_DYNAMIC_NO_PIC = NO;
				GCC_NO_COMMON_BLOCKS = YES;
				GCC_OPTIMIZATION_LEVEL = 0;
				GCC_PREPROCESSOR_DEFINITIONS = (
					"DEBUG=1",
					"$(inherited)",
				);
				GCC_WARN_64_TO_32_BIT_CONVERSION = YES;
				GCC_WARN_ABOUT_RETURN_TYPE = YES_ERROR;
				GCC_WARN_UNDECLARED_SELECTOR = YES;
				GCC_WARN_UNINITIALIZED_AUTOS = YES_AGGRESSIVE;
				GCC_WARN_UNUSED_FUNCTION = YES;
				GCC_WARN_UNUSED_VARIABLE = YES;
				GENERATE_INFOPLIST_FILE = YES;
				IPHONEOS_DEPLOYMENT_TARGET = 18.2;
				LOCALIZATION_PREFERS_STRING_CATALOGS = YES;
				MARKETING_VERSION = 1.0;
				MTL_ENABLE_DEBUG_INFO = INCLUDE_SOURCE;
				MTL_FAST_MATH = YES;
				ONLY_ACTIVE_ARCH = YES;
				PRODUCT_BUNDLE_IDENTIFIER = com.Wenea.NewsAppTests;
				PRODUCT_NAME = "$(TARGET_NAME)";
				SDKROOT = iphoneos;
				SWIFT_ACTIVE_COMPILATION_CONDITIONS = "DEBUG $(inherited)";
				SWIFT_EMIT_LOC_STRINGS = NO;
				SWIFT_OPTIMIZATION_LEVEL = "-Onone";
				SWIFT_VERSION = 5.0;
				TARGETED_DEVICE_FAMILY = "1,2";
				TEST_HOST = "$(BUILT_PRODUCTS_DIR)/NewsApp.app/$(BUNDLE_EXECUTABLE_FOLDER_PATH)/NewsApp";
			};
			name = Dev;
		};
/* End XCBuildConfiguration section */

/* Begin XCConfigurationList section */
		8A4E22B42B4A2BCA006D71C6 /* Build configuration list for PBXProject "NewsApp" */ = {
			isa = XCConfigurationList;
			buildConfigurations = (
				8A4E22DB2B4A2BCD006D71C6 /* Dev */,
			);
			defaultConfigurationIsVisible = 0;
			defaultConfigurationName = Dev;
		};
		8A4E22DD2B4A2BCD006D71C6 /* Build configuration list for PBXNativeTarget "NewsApp" */ = {
			isa = XCConfigurationList;
			buildConfigurations = (
				8A4E22DE2B4A2BCD006D71C6 /* Dev */,
			);
			defaultConfigurationIsVisible = 0;
			defaultConfigurationName = Dev;
		};
		8A7877D42D2D865A00554DA6 /* Build configuration list for PBXNativeTarget "NewsAppTests" */ = {
			isa = XCConfigurationList;
			buildConfigurations = (
				8A7877D52D2D865A00554DA6 /* Dev */,
			);
			defaultConfigurationIsVisible = 0;
			defaultConfigurationName = Dev;
		};
/* End XCConfigurationList section */

/* Begin XCRemoteSwiftPackageReference section */
		8A8386752B85662F00FEC3BD /* XCRemoteSwiftPackageReference "firebase-ios-sdk" */ = {
			isa = XCRemoteSwiftPackageReference;
			repositoryURL = "https://github.com/firebase/firebase-ios-sdk";
			requirement = {
				kind = upToNextMajorVersion;
				minimumVersion = 10.21.0;
			};
		};
		8A91CC002B8FB18800F673C5 /* XCRemoteSwiftPackageReference "Mocker" */ = {
			isa = XCRemoteSwiftPackageReference;
			repositoryURL = "https://github.com/WeTransfer/Mocker.git";
			requirement = {
				kind = upToNextMajorVersion;
				minimumVersion = 3.0.2;
			};
		};
		8A9FEC622B93D2750027A3E6 /* XCRemoteSwiftPackageReference "SwiftyBeaver" */ = {
			isa = XCRemoteSwiftPackageReference;
			repositoryURL = "https://github.com/SwiftyBeaver/SwiftyBeaver.git";
			requirement = {
				kind = upToNextMajorVersion;
				minimumVersion = 2.0.0;
			};
		};
		8AAB4D092B76599200C71B36 /* XCRemoteSwiftPackageReference "Alamofire" */ = {
			isa = XCRemoteSwiftPackageReference;
			repositoryURL = "https://github.com/Alamofire/Alamofire.git";
			requirement = {
				kind = upToNextMajorVersion;
				minimumVersion = 5.8.1;
			};
		};
/* End XCRemoteSwiftPackageReference section */

/* Begin XCSwiftPackageProductDependency section */
		8A91CC012B8FB18800F673C5 /* Mocker */ = {
			isa = XCSwiftPackageProductDependency;
			package = 8A91CC002B8FB18800F673C5 /* XCRemoteSwiftPackageReference "Mocker" */;
			productName = Mocker;
		};
		8A9FEC632B93D2750027A3E6 /* SwiftyBeaver */ = {
			isa = XCSwiftPackageProductDependency;
			package = 8A9FEC622B93D2750027A3E6 /* XCRemoteSwiftPackageReference "SwiftyBeaver" */;
			productName = SwiftyBeaver;
		};
		8AAB4D0A2B76599200C71B36 /* Alamofire */ = {
			isa = XCSwiftPackageProductDependency;
			package = 8AAB4D092B76599200C71B36 /* XCRemoteSwiftPackageReference "Alamofire" */;
			productName = Alamofire;
		};
/* End XCSwiftPackageProductDependency section */
	};
	rootObject = 8A4E22B12B4A2BCA006D71C6 /* Project object */;
}
