// !$*UTF8*$!
{
	archiveVersion = 1;
	classes = {
	};
	objectVersion = 56;
	objects = {

/* Begin PBXBuildFile section */
		8A0357AA2B65264800BE5435 /* FloatingActionButtonView.swift in Sources */ = {isa = PBXBuildFile; fileRef = 8A0357A92B65264800BE5435 /* FloatingActionButtonView.swift */; };
		8A1DAC262B8E3C6F00259AD3 /* FavoritesViewModel.swift in Sources */ = {isa = PBXBuildFile; fileRef = 8A1DAC252B8E3C6F00259AD3 /* FavoritesViewModel.swift */; };
		8A3CD90E2B91DE82005A677C /* get_articles.json in Resources */ = {isa = PBXBuildFile; fileRef = 8A3CD90D2B91DE82005A677C /* get_articles.json */; };
		8A3CD9122B91E20D005A677C /* get_characters.json in Resources */ = {isa = PBXBuildFile; fileRef = 8A3CD9112B91E20D005A677C /* get_characters.json */; };
		8A4E22BD2B4A2BCA006D71C6 /* NewsApp.swift in Sources */ = {isa = PBXBuildFile; fileRef = 8A4E22BC2B4A2BCA006D71C6 /* NewsApp.swift */; };
		8A4E22C12B4A2BCC006D71C6 /* Assets.xcassets in Resources */ = {isa = PBXBuildFile; fileRef = 8A4E22C02B4A2BCC006D71C6 /* Assets.xcassets */; };
		8A4E22C42B4A2BCC006D71C6 /* Preview Assets.xcassets in Resources */ = {isa = PBXBuildFile; fileRef = 8A4E22C32B4A2BCC006D71C6 /* Preview Assets.xcassets */; };
		8A4E22CE2B4A2BCD006D71C6 /* NewsAppTests.swift in Sources */ = {isa = PBXBuildFile; fileRef = 8A4E22CD2B4A2BCD006D71C6 /* NewsAppTests.swift */; };
		8A4E22D82B4A2BCD006D71C6 /* NewsAppUITests.swift in Sources */ = {isa = PBXBuildFile; fileRef = 8A4E22D72B4A2BCD006D71C6 /* NewsAppUITests.swift */; };
		8A4E22DA2B4A2BCD006D71C6 /* NewsAppUITestsLaunchTests.swift in Sources */ = {isa = PBXBuildFile; fileRef = 8A4E22D92B4A2BCD006D71C6 /* NewsAppUITestsLaunchTests.swift */; };
		8A7752CF2B8A8C5300C8F7D4 /* CollapsibleView.swift in Sources */ = {isa = PBXBuildFile; fileRef = 8A7752CE2B8A8C5300C8F7D4 /* CollapsibleView.swift */; };
		8A7C4D6E2B876439009E98F6 /* UserDefaultManager.swift in Sources */ = {isa = PBXBuildFile; fileRef = 8A7C4D6D2B876439009E98F6 /* UserDefaultManager.swift */; };
		8A7C4D742B879372009E98F6 /* Kode_Mono in Resources */ = {isa = PBXBuildFile; fileRef = 8A7C4D732B879372009E98F6 /* Kode_Mono */; };
		8A7C4D762B8795DF009E98F6 /* Font.swift in Sources */ = {isa = PBXBuildFile; fileRef = 8A7C4D752B8795DF009E98F6 /* Font.swift */; };
		8A7C4D782B8924D6009E98F6 /* AppDelegate.swift in Sources */ = {isa = PBXBuildFile; fileRef = 8A7C4D772B8924D6009E98F6 /* AppDelegate.swift */; };
		8A7D24352B91D4F3003754DE /* MockGenerator.swift in Sources */ = {isa = PBXBuildFile; fileRef = 8A7D24342B91D4F3003754DE /* MockGenerator.swift */; };
		8A8386722B850B0A00FEC3BD /* CharacterDetailView.swift in Sources */ = {isa = PBXBuildFile; fileRef = 8A8386712B850B0A00FEC3BD /* CharacterDetailView.swift */; };
		8A8386742B8565BB00FEC3BD /* GoogleService-Info.plist in Resources */ = {isa = PBXBuildFile; fileRef = 8A8386732B8565BB00FEC3BD /* GoogleService-Info.plist */; };
		8A8C18602B71AF0A008E3C8C /* ApiRestManager.swift in Sources */ = {isa = PBXBuildFile; fileRef = 8A8C185F2B71AF0A008E3C8C /* ApiRestManager.swift */; };
		8A8C18652B7285A3008E3C8C /* ArticlesViewModel.swift in Sources */ = {isa = PBXBuildFile; fileRef = 8A8C18642B7285A3008E3C8C /* ArticlesViewModel.swift */; };
		8A8C186D2B728A80008E3C8C /* DateFormatter.swift in Sources */ = {isa = PBXBuildFile; fileRef = 8A8C186C2B728A80008E3C8C /* DateFormatter.swift */; };
		8A8C18702B728C85008E3C8C /* HomeView.swift in Sources */ = {isa = PBXBuildFile; fileRef = 8A8C186F2B728C85008E3C8C /* HomeView.swift */; };
		8A8C18722B728E15008E3C8C /* ArticleView.swift in Sources */ = {isa = PBXBuildFile; fileRef = 8A8C18712B728E15008E3C8C /* ArticleView.swift */; };
		8A8E75E72B5830B30063E6FD /* Utils.swift in Sources */ = {isa = PBXBuildFile; fileRef = 8A8E75E62B5830B30063E6FD /* Utils.swift */; };
		8A8EF2362B4C166400402584 /* ArticleApiObject.swift in Sources */ = {isa = PBXBuildFile; fileRef = 8A8EF2352B4C166400402584 /* ArticleApiObject.swift */; };
		8A91CBFF2B8FB09600F673C5 /* BackendApiTests.swift in Sources */ = {isa = PBXBuildFile; fileRef = 8A91CBFE2B8FB09600F673C5 /* BackendApiTests.swift */; };
		8A91CC022B8FB18800F673C5 /* Mocker in Frameworks */ = {isa = PBXBuildFile; productRef = 8A91CC012B8FB18800F673C5 /* Mocker */; };
		8A9CFC8E2B4EC5F400F70B13 /* ArticleRowView.swift in Sources */ = {isa = PBXBuildFile; fileRef = 8A9CFC8D2B4EC5F300F70B13 /* ArticleRowView.swift */; };
		8A9CFC922B4EC61000F70B13 /* ArticleDetailView.swift in Sources */ = {isa = PBXBuildFile; fileRef = 8A9CFC912B4EC61000F70B13 /* ArticleDetailView.swift */; };
		8A9CFC942B4EC7B500F70B13 /* ArticleCardView.swift in Sources */ = {isa = PBXBuildFile; fileRef = 8A9CFC932B4EC7B500F70B13 /* ArticleCardView.swift */; };
		8A9CFC962B4EEF7400F70B13 /* WrongImageView.swift in Sources */ = {isa = PBXBuildFile; fileRef = 8A9CFC952B4EEF7400F70B13 /* WrongImageView.swift */; };
		8A9FEC562B9370070027A3E6 /* ArticlesViewModelTests.swift in Sources */ = {isa = PBXBuildFile; fileRef = 8A9FEC552B9370070027A3E6 /* ArticlesViewModelTests.swift */; };
		8A9FEC582B9372CC0027A3E6 /* StatusEnum.swift in Sources */ = {isa = PBXBuildFile; fileRef = 8A9FEC572B9372CC0027A3E6 /* StatusEnum.swift */; };
		8A9FEC5B2B93733A0027A3E6 /* StringExtension.swift in Sources */ = {isa = PBXBuildFile; fileRef = 8A9FEC5A2B93733A0027A3E6 /* StringExtension.swift */; };
		8A9FEC5D2B93735D0027A3E6 /* GenderEnum.swift in Sources */ = {isa = PBXBuildFile; fileRef = 8A9FEC5C2B93735D0027A3E6 /* GenderEnum.swift */; };
		8A9FEC5F2B93CF450027A3E6 /* CharactersViewModelTests.swift in Sources */ = {isa = PBXBuildFile; fileRef = 8A9FEC5E2B93CF450027A3E6 /* CharactersViewModelTests.swift */; };
		8A9FEC612B93D2000027A3E6 /* Log.swift in Sources */ = {isa = PBXBuildFile; fileRef = 8A9FEC602B93D2000027A3E6 /* Log.swift */; };
		8A9FEC642B93D2750027A3E6 /* SwiftyBeaver in Frameworks */ = {isa = PBXBuildFile; productRef = 8A9FEC632B93D2750027A3E6 /* SwiftyBeaver */; };
		8AAB4D0B2B76599200C71B36 /* Alamofire in Frameworks */ = {isa = PBXBuildFile; productRef = 8AAB4D0A2B76599200C71B36 /* Alamofire */; };
		8AABBC832B95012000D78C5D /* DependencyInjector.swift in Sources */ = {isa = PBXBuildFile; fileRef = 8AABBC822B95012000D78C5D /* DependencyInjector.swift */; };
		8AABBC872B95BB0C00D78C5D /* Dependencies.swift in Sources */ = {isa = PBXBuildFile; fileRef = 8AABBC862B95BB0C00D78C5D /* Dependencies.swift */; };
		8AABBC892B95DAEB00D78C5D /* ProcessInfo.swift in Sources */ = {isa = PBXBuildFile; fileRef = 8AABBC882B95DAEB00D78C5D /* ProcessInfo.swift */; };
		8AABBC8B2B95E25D00D78C5D /* Configuration.swift in Sources */ = {isa = PBXBuildFile; fileRef = 8AABBC8A2B95E25D00D78C5D /* Configuration.swift */; };
		8AABBC8D2B96116D00D78C5D /* MockDependencies.swift in Sources */ = {isa = PBXBuildFile; fileRef = 8AABBC8C2B96116D00D78C5D /* MockDependencies.swift */; };
		8ACCFAE22B7D3D5400A33AE0 /* CharacterView.swift in Sources */ = {isa = PBXBuildFile; fileRef = 8ACCFAE12B7D3D5400A33AE0 /* CharacterView.swift */; };
		8AD6123A2B76D6CF00D2D8CC /* CustomTabBarView.swift in Sources */ = {isa = PBXBuildFile; fileRef = 8AD612392B76D6CF00D2D8CC /* CustomTabBarView.swift */; };
		8AD6123C2B76D8D400D2D8CC /* TabBarButtonView.swift in Sources */ = {isa = PBXBuildFile; fileRef = 8AD6123B2B76D8D400D2D8CC /* TabBarButtonView.swift */; };
		8AD6123E2B76D91C00D2D8CC /* ShowModalTabBarItemView.swift in Sources */ = {isa = PBXBuildFile; fileRef = 8AD6123D2B76D91C00D2D8CC /* ShowModalTabBarItemView.swift */; };
		8AD804C22B8A42ED00DE501A /* SwiftOpenAI in Frameworks */ = {isa = PBXBuildFile; productRef = 8AD804C12B8A42ED00DE501A /* SwiftOpenAI */; };
		8AE62B192B784464005DFD77 /* CharacterViewModel.swift in Sources */ = {isa = PBXBuildFile; fileRef = 8AE62B182B784464005DFD77 /* CharacterViewModel.swift */; };
		8AE62B1B2B784A5A005DFD77 /* CharacterApiObject.swift in Sources */ = {isa = PBXBuildFile; fileRef = 8AE62B1A2B784A5A005DFD77 /* CharacterApiObject.swift */; };
		8AE62B1D2B793752005DFD77 /* Color.swift in Sources */ = {isa = PBXBuildFile; fileRef = 8AE62B1C2B793752005DFD77 /* Color.swift */; };
		8AE62B292B7BDCFC005DFD77 /* BackendApi.swift in Sources */ = {isa = PBXBuildFile; fileRef = 8AE62B282B7BDCFC005DFD77 /* BackendApi.swift */; };
		8AE62B2B2B7BF8FB005DFD77 /* DataRequest.swift in Sources */ = {isa = PBXBuildFile; fileRef = 8AE62B2A2B7BF8FB005DFD77 /* DataRequest.swift */; };
/* End PBXBuildFile section */

/* Begin PBXContainerItemProxy section */
		8A4E22CA2B4A2BCD006D71C6 /* PBXContainerItemProxy */ = {
			isa = PBXContainerItemProxy;
			containerPortal = 8A4E22B12B4A2BCA006D71C6 /* Project object */;
			proxyType = 1;
			remoteGlobalIDString = 8A4E22B82B4A2BCA006D71C6;
			remoteInfo = NewsApp;
		};
		8A4E22D42B4A2BCD006D71C6 /* PBXContainerItemProxy */ = {
			isa = PBXContainerItemProxy;
			containerPortal = 8A4E22B12B4A2BCA006D71C6 /* Project object */;
			proxyType = 1;
			remoteGlobalIDString = 8A4E22B82B4A2BCA006D71C6;
			remoteInfo = NewsApp;
		};
/* End PBXContainerItemProxy section */

/* Begin PBXFileReference section */
		8A0357A92B65264800BE5435 /* FloatingActionButtonView.swift */ = {isa = PBXFileReference; lastKnownFileType = sourcecode.swift; path = FloatingActionButtonView.swift; sourceTree = "<group>"; };
		8A1DAC252B8E3C6F00259AD3 /* FavoritesViewModel.swift */ = {isa = PBXFileReference; lastKnownFileType = sourcecode.swift; path = FavoritesViewModel.swift; sourceTree = "<group>"; };
		8A3CD90D2B91DE82005A677C /* get_articles.json */ = {isa = PBXFileReference; fileEncoding = 4; lastKnownFileType = text.json; path = get_articles.json; sourceTree = "<group>"; };
		8A3CD9112B91E20D005A677C /* get_characters.json */ = {isa = PBXFileReference; fileEncoding = 4; lastKnownFileType = text.json; path = get_characters.json; sourceTree = "<group>"; };
		8A4E22B92B4A2BCA006D71C6 /* NewsApp.app */ = {isa = PBXFileReference; explicitFileType = wrapper.application; includeInIndex = 0; path = NewsApp.app; sourceTree = BUILT_PRODUCTS_DIR; };
		8A4E22BC2B4A2BCA006D71C6 /* NewsApp.swift */ = {isa = PBXFileReference; lastKnownFileType = sourcecode.swift; path = NewsApp.swift; sourceTree = "<group>"; };
		8A4E22C02B4A2BCC006D71C6 /* Assets.xcassets */ = {isa = PBXFileReference; lastKnownFileType = folder.assetcatalog; path = Assets.xcassets; sourceTree = "<group>"; };
		8A4E22C32B4A2BCC006D71C6 /* Preview Assets.xcassets */ = {isa = PBXFileReference; lastKnownFileType = folder.assetcatalog; path = "Preview Assets.xcassets"; sourceTree = "<group>"; };
		8A4E22C92B4A2BCD006D71C6 /* NewsAppTests.xctest */ = {isa = PBXFileReference; explicitFileType = wrapper.cfbundle; includeInIndex = 0; path = NewsAppTests.xctest; sourceTree = BUILT_PRODUCTS_DIR; };
		8A4E22CD2B4A2BCD006D71C6 /* NewsAppTests.swift */ = {isa = PBXFileReference; lastKnownFileType = sourcecode.swift; path = NewsAppTests.swift; sourceTree = "<group>"; };
		8A4E22D32B4A2BCD006D71C6 /* NewsAppUITests.xctest */ = {isa = PBXFileReference; explicitFileType = wrapper.cfbundle; includeInIndex = 0; path = NewsAppUITests.xctest; sourceTree = BUILT_PRODUCTS_DIR; };
		8A4E22D72B4A2BCD006D71C6 /* NewsAppUITests.swift */ = {isa = PBXFileReference; lastKnownFileType = sourcecode.swift; path = NewsAppUITests.swift; sourceTree = "<group>"; };
		8A4E22D92B4A2BCD006D71C6 /* NewsAppUITestsLaunchTests.swift */ = {isa = PBXFileReference; lastKnownFileType = sourcecode.swift; path = NewsAppUITestsLaunchTests.swift; sourceTree = "<group>"; };
		8A7752CE2B8A8C5300C8F7D4 /* CollapsibleView.swift */ = {isa = PBXFileReference; lastKnownFileType = sourcecode.swift; path = CollapsibleView.swift; sourceTree = "<group>"; };
		8A7C4D6D2B876439009E98F6 /* UserDefaultManager.swift */ = {isa = PBXFileReference; lastKnownFileType = sourcecode.swift; path = UserDefaultManager.swift; sourceTree = "<group>"; };
		8A7C4D732B879372009E98F6 /* Kode_Mono */ = {isa = PBXFileReference; lastKnownFileType = folder; path = Kode_Mono; sourceTree = "<group>"; };
		8A7C4D752B8795DF009E98F6 /* Font.swift */ = {isa = PBXFileReference; lastKnownFileType = sourcecode.swift; path = Font.swift; sourceTree = "<group>"; };
		8A7C4D772B8924D6009E98F6 /* AppDelegate.swift */ = {isa = PBXFileReference; lastKnownFileType = sourcecode.swift; path = AppDelegate.swift; sourceTree = "<group>"; };
		8A7D24342B91D4F3003754DE /* MockGenerator.swift */ = {isa = PBXFileReference; lastKnownFileType = sourcecode.swift; path = MockGenerator.swift; sourceTree = "<group>"; };
		8A8386712B850B0A00FEC3BD /* CharacterDetailView.swift */ = {isa = PBXFileReference; lastKnownFileType = sourcecode.swift; path = CharacterDetailView.swift; sourceTree = "<group>"; };
		8A8386732B8565BB00FEC3BD /* GoogleService-Info.plist */ = {isa = PBXFileReference; fileEncoding = 4; lastKnownFileType = text.plist.xml; path = "GoogleService-Info.plist"; sourceTree = "<group>"; };
		8A8C185F2B71AF0A008E3C8C /* ApiRestManager.swift */ = {isa = PBXFileReference; lastKnownFileType = sourcecode.swift; path = ApiRestManager.swift; sourceTree = "<group>"; };
		8A8C18642B7285A3008E3C8C /* ArticlesViewModel.swift */ = {isa = PBXFileReference; lastKnownFileType = sourcecode.swift; path = ArticlesViewModel.swift; sourceTree = "<group>"; };
		8A8C186C2B728A80008E3C8C /* DateFormatter.swift */ = {isa = PBXFileReference; lastKnownFileType = sourcecode.swift; path = DateFormatter.swift; sourceTree = "<group>"; };
		8A8C186F2B728C85008E3C8C /* HomeView.swift */ = {isa = PBXFileReference; lastKnownFileType = sourcecode.swift; path = HomeView.swift; sourceTree = "<group>"; };
		8A8C18712B728E15008E3C8C /* ArticleView.swift */ = {isa = PBXFileReference; lastKnownFileType = sourcecode.swift; path = ArticleView.swift; sourceTree = "<group>"; };
		8A8E75E62B5830B30063E6FD /* Utils.swift */ = {isa = PBXFileReference; lastKnownFileType = sourcecode.swift; path = Utils.swift; sourceTree = "<group>"; };
		8A8EF2352B4C166400402584 /* ArticleApiObject.swift */ = {isa = PBXFileReference; lastKnownFileType = sourcecode.swift; path = ArticleApiObject.swift; sourceTree = "<group>"; };
		8A91CBFE2B8FB09600F673C5 /* BackendApiTests.swift */ = {isa = PBXFileReference; lastKnownFileType = sourcecode.swift; name = BackendApiTests.swift; path = Data/Api/BackendApiTests.swift; sourceTree = "<group>"; };
		8A9CFC8D2B4EC5F300F70B13 /* ArticleRowView.swift */ = {isa = PBXFileReference; lastKnownFileType = sourcecode.swift; path = ArticleRowView.swift; sourceTree = "<group>"; };
		8A9CFC912B4EC61000F70B13 /* ArticleDetailView.swift */ = {isa = PBXFileReference; lastKnownFileType = sourcecode.swift; path = ArticleDetailView.swift; sourceTree = "<group>"; };
		8A9CFC932B4EC7B500F70B13 /* ArticleCardView.swift */ = {isa = PBXFileReference; lastKnownFileType = sourcecode.swift; path = ArticleCardView.swift; sourceTree = "<group>"; };
		8A9CFC952B4EEF7400F70B13 /* WrongImageView.swift */ = {isa = PBXFileReference; lastKnownFileType = sourcecode.swift; path = WrongImageView.swift; sourceTree = "<group>"; };
		8A9FEC552B9370070027A3E6 /* ArticlesViewModelTests.swift */ = {isa = PBXFileReference; lastKnownFileType = sourcecode.swift; path = ArticlesViewModelTests.swift; sourceTree = "<group>"; };
		8A9FEC572B9372CC0027A3E6 /* StatusEnum.swift */ = {isa = PBXFileReference; lastKnownFileType = sourcecode.swift; path = StatusEnum.swift; sourceTree = "<group>"; };
		8A9FEC5A2B93733A0027A3E6 /* StringExtension.swift */ = {isa = PBXFileReference; lastKnownFileType = sourcecode.swift; path = StringExtension.swift; sourceTree = "<group>"; };
		8A9FEC5C2B93735D0027A3E6 /* GenderEnum.swift */ = {isa = PBXFileReference; lastKnownFileType = sourcecode.swift; path = GenderEnum.swift; sourceTree = "<group>"; };
		8A9FEC5E2B93CF450027A3E6 /* CharactersViewModelTests.swift */ = {isa = PBXFileReference; lastKnownFileType = sourcecode.swift; path = CharactersViewModelTests.swift; sourceTree = "<group>"; };
		8A9FEC602B93D2000027A3E6 /* Log.swift */ = {isa = PBXFileReference; lastKnownFileType = sourcecode.swift; path = Log.swift; sourceTree = "<group>"; };
		8AABBC822B95012000D78C5D /* DependencyInjector.swift */ = {isa = PBXFileReference; lastKnownFileType = sourcecode.swift; path = DependencyInjector.swift; sourceTree = "<group>"; };
		8AABBC862B95BB0C00D78C5D /* Dependencies.swift */ = {isa = PBXFileReference; lastKnownFileType = sourcecode.swift; path = Dependencies.swift; sourceTree = "<group>"; };
		8AABBC882B95DAEB00D78C5D /* ProcessInfo.swift */ = {isa = PBXFileReference; lastKnownFileType = sourcecode.swift; path = ProcessInfo.swift; sourceTree = "<group>"; };
		8AABBC8A2B95E25D00D78C5D /* Configuration.swift */ = {isa = PBXFileReference; lastKnownFileType = sourcecode.swift; path = Configuration.swift; sourceTree = "<group>"; };
		8AABBC8C2B96116D00D78C5D /* MockDependencies.swift */ = {isa = PBXFileReference; lastKnownFileType = sourcecode.swift; path = MockDependencies.swift; sourceTree = "<group>"; };
		8AABBC972B963BD100D78C5D /* Dev.xcconfig */ = {isa = PBXFileReference; lastKnownFileType = text.xcconfig; path = Dev.xcconfig; sourceTree = "<group>"; };
		8ACA94282B86C3C7001CEBD2 /* Info.plist */ = {isa = PBXFileReference; lastKnownFileType = text.plist.xml; path = Info.plist; sourceTree = "<group>"; };
		8ACCFAE12B7D3D5400A33AE0 /* CharacterView.swift */ = {isa = PBXFileReference; lastKnownFileType = sourcecode.swift; path = CharacterView.swift; sourceTree = "<group>"; };
		8AD612392B76D6CF00D2D8CC /* CustomTabBarView.swift */ = {isa = PBXFileReference; lastKnownFileType = sourcecode.swift; path = CustomTabBarView.swift; sourceTree = "<group>"; };
		8AD6123B2B76D8D400D2D8CC /* TabBarButtonView.swift */ = {isa = PBXFileReference; lastKnownFileType = sourcecode.swift; path = TabBarButtonView.swift; sourceTree = "<group>"; };
		8AD6123D2B76D91C00D2D8CC /* ShowModalTabBarItemView.swift */ = {isa = PBXFileReference; lastKnownFileType = sourcecode.swift; path = ShowModalTabBarItemView.swift; sourceTree = "<group>"; };
		8AE62B182B784464005DFD77 /* CharacterViewModel.swift */ = {isa = PBXFileReference; lastKnownFileType = sourcecode.swift; path = CharacterViewModel.swift; sourceTree = "<group>"; };
		8AE62B1A2B784A5A005DFD77 /* CharacterApiObject.swift */ = {isa = PBXFileReference; lastKnownFileType = sourcecode.swift; path = CharacterApiObject.swift; sourceTree = "<group>"; };
		8AE62B1C2B793752005DFD77 /* Color.swift */ = {isa = PBXFileReference; lastKnownFileType = sourcecode.swift; path = Color.swift; sourceTree = "<group>"; };
		8AE62B282B7BDCFC005DFD77 /* BackendApi.swift */ = {isa = PBXFileReference; lastKnownFileType = sourcecode.swift; path = BackendApi.swift; sourceTree = "<group>"; };
		8AE62B2A2B7BF8FB005DFD77 /* DataRequest.swift */ = {isa = PBXFileReference; lastKnownFileType = sourcecode.swift; path = DataRequest.swift; sourceTree = "<group>"; };
/* End PBXFileReference section */

/* Begin PBXFrameworksBuildPhase section */
		8A4E22B62B4A2BCA006D71C6 /* Frameworks */ = {
			isa = PBXFrameworksBuildPhase;
			buildActionMask = 2147483647;
			files = (
				8AD804C22B8A42ED00DE501A /* SwiftOpenAI in Frameworks */,
				8AAB4D0B2B76599200C71B36 /* Alamofire in Frameworks */,
				8A91CC022B8FB18800F673C5 /* Mocker in Frameworks */,
				8A9FEC642B93D2750027A3E6 /* SwiftyBeaver in Frameworks */,
			);
			runOnlyForDeploymentPostprocessing = 0;
		};
		8A4E22C62B4A2BCD006D71C6 /* Frameworks */ = {
			isa = PBXFrameworksBuildPhase;
			buildActionMask = 2147483647;
			files = (
			);
			runOnlyForDeploymentPostprocessing = 0;
		};
		8A4E22D02B4A2BCD006D71C6 /* Frameworks */ = {
			isa = PBXFrameworksBuildPhase;
			buildActionMask = 2147483647;
			files = (
			);
			runOnlyForDeploymentPostprocessing = 0;
		};
/* End PBXFrameworksBuildPhase section */

/* Begin PBXGroup section */
		8A1DAC222B8E3C4800259AD3 /* Favorites */ = {
			isa = PBXGroup;
			children = (
				8A1DAC242B8E3C5900259AD3 /* ViewModel */,
			);
			path = Favorites;
			sourceTree = "<group>";
		};
		8A1DAC242B8E3C5900259AD3 /* ViewModel */ = {
			isa = PBXGroup;
			children = (
				8A1DAC252B8E3C6F00259AD3 /* FavoritesViewModel.swift */,
			);
			path = ViewModel;
			sourceTree = "<group>";
		};
		8A4E22B02B4A2BCA006D71C6 = {
			isa = PBXGroup;
			children = (
				8A4E22BB2B4A2BCA006D71C6 /* NewsApp */,
				8A4E22CC2B4A2BCD006D71C6 /* NewsAppTests */,
				8A4E22D62B4A2BCD006D71C6 /* NewsAppUITests */,
				8A4E22BA2B4A2BCA006D71C6 /* Products */,
			);
			sourceTree = "<group>";
		};
		8A4E22BA2B4A2BCA006D71C6 /* Products */ = {
			isa = PBXGroup;
			children = (
				8A4E22B92B4A2BCA006D71C6 /* NewsApp.app */,
				8A4E22C92B4A2BCD006D71C6 /* NewsAppTests.xctest */,
				8A4E22D32B4A2BCD006D71C6 /* NewsAppUITests.xctest */,
			);
			name = Products;
			sourceTree = "<group>";
		};
		8A4E22BB2B4A2BCA006D71C6 /* NewsApp */ = {
			isa = PBXGroup;
			children = (
				8A7C4D772B8924D6009E98F6 /* AppDelegate.swift */,
				8A4E22C02B4A2BCC006D71C6 /* Assets.xcassets */,
				8A8C185C2B71AE66008E3C8C /* Business */,
				8A7C4D6F2B879029009E98F6 /* Domain */,
				8A8386732B8565BB00FEC3BD /* GoogleService-Info.plist */,
				8A4E22BC2B4A2BCA006D71C6 /* NewsApp.swift */,
				8A4E22C22B4A2BCC006D71C6 /* Preview Content */,
				8A8C18662B728714008E3C8C /* ui */,
			);
			path = NewsApp;
			sourceTree = "<group>";
		};
		8A4E22C22B4A2BCC006D71C6 /* Preview Content */ = {
			isa = PBXGroup;
			children = (
				8A4E22C32B4A2BCC006D71C6 /* Preview Assets.xcassets */,
			);
			path = "Preview Content";
			sourceTree = "<group>";
		};
		8A4E22CC2B4A2BCD006D71C6 /* NewsAppTests */ = {
			isa = PBXGroup;
			children = (
				8A7D24322B91D409003754DE /* Mocks */,
				8A91CBF62B8FAC0900F673C5 /* Business */,
				8A4E22CD2B4A2BCD006D71C6 /* NewsAppTests.swift */,
				8A9FEC552B9370070027A3E6 /* ArticlesViewModelTests.swift */,
				8A9FEC5E2B93CF450027A3E6 /* CharactersViewModelTests.swift */,
			);
			path = NewsAppTests;
			sourceTree = "<group>";
		};
		8A4E22D62B4A2BCD006D71C6 /* NewsAppUITests */ = {
			isa = PBXGroup;
			children = (
				8A4E22D72B4A2BCD006D71C6 /* NewsAppUITests.swift */,
				8A4E22D92B4A2BCD006D71C6 /* NewsAppUITestsLaunchTests.swift */,
			);
			path = NewsAppUITests;
			sourceTree = "<group>";
		};
		8A7C4D6F2B879029009E98F6 /* Domain */ = {
			isa = PBXGroup;
			children = (
				8AABBC922B9635FF00D78C5D /* Environments */,
				8A9FEC592B93731C0027A3E6 /* Extensions */,
				8A7C4D702B87904A009E98F6 /* Fonts */,
				8ACA94282B86C3C7001CEBD2 /* Info.plist */,
				8A8E75E52B5830950063E6FD /* Utils */,
			);
			path = Domain;
			sourceTree = "<group>";
		};
		8A7C4D702B87904A009E98F6 /* Fonts */ = {
			isa = PBXGroup;
			children = (
				8A7C4D732B879372009E98F6 /* Kode_Mono */,
			);
			path = Fonts;
			sourceTree = "<group>";
		};
		8A7D24322B91D409003754DE /* Mocks */ = {
			isa = PBXGroup;
			children = (
				8A7D24332B91D4A4003754DE /* Data */,
				8AABBC8C2B96116D00D78C5D /* MockDependencies.swift */,
			);
			path = Mocks;
			sourceTree = "<group>";
		};
		8A7D24332B91D4A4003754DE /* Data */ = {
			isa = PBXGroup;
			children = (
				8A3CD90D2B91DE82005A677C /* get_articles.json */,
				8A3CD9112B91E20D005A677C /* get_characters.json */,
				8A7D24342B91D4F3003754DE /* MockGenerator.swift */,
			);
			path = Data;
			sourceTree = "<group>";
		};
		8A8C185C2B71AE66008E3C8C /* Business */ = {
			isa = PBXGroup;
			children = (
				8A8C18672B728738008E3C8C /* Data */,
				8A8C185D2B71AEC6008E3C8C /* Services */,
			);
			path = Business;
			sourceTree = "<group>";
		};
		8A8C185D2B71AEC6008E3C8C /* Services */ = {
			isa = PBXGroup;
			children = (
				8A8C185F2B71AF0A008E3C8C /* ApiRestManager.swift */,
				8A7C4D6D2B876439009E98F6 /* UserDefaultManager.swift */,
			);
			path = Services;
			sourceTree = "<group>";
		};
		8A8C18612B728487008E3C8C /* Modules */ = {
			isa = PBXGroup;
			children = (
				8A1DAC222B8E3C4800259AD3 /* Favorites */,
				8AE62B152B784434005DFD77 /* Characters */,
				8A9CFC8C2B4EC5E100F70B13 /* Articles */,
				8A8C186E2B728C6A008E3C8C /* Home */,
			);
			path = Modules;
			sourceTree = "<group>";
		};
		8A8C18622B72853F008E3C8C /* Views */ = {
			isa = PBXGroup;
			children = (
				8A9CFC932B4EC7B500F70B13 /* ArticleCardView.swift */,
				8A9CFC912B4EC61000F70B13 /* ArticleDetailView.swift */,
				8A9CFC8D2B4EC5F300F70B13 /* ArticleRowView.swift */,
				8A8C18712B728E15008E3C8C /* ArticleView.swift */,
			);
			path = Views;
			sourceTree = "<group>";
		};
		8A8C18632B728557008E3C8C /* ViewModel */ = {
			isa = PBXGroup;
			children = (
				8A8C18642B7285A3008E3C8C /* ArticlesViewModel.swift */,
			);
			path = ViewModel;
			sourceTree = "<group>";
		};
		8A8C18662B728714008E3C8C /* ui */ = {
			isa = PBXGroup;
			children = (
				8A8C18732B7296F8008E3C8C /* Components */,
				8A8C186B2B728A5C008E3C8C /* Extensions */,
				8A8C18612B728487008E3C8C /* Modules */,
			);
			path = ui;
			sourceTree = "<group>";
		};
		8A8C18672B728738008E3C8C /* Data */ = {
			isa = PBXGroup;
			children = (
				8AE62B272B7BD02C005DFD77 /* Api */,
				8A8C18682B728741008E3C8C /* Entities */,
			);
			path = Data;
			sourceTree = "<group>";
		};
		8A8C18682B728741008E3C8C /* Entities */ = {
			isa = PBXGroup;
			children = (
				8A8EF2352B4C166400402584 /* ArticleApiObject.swift */,
				8AE62B1A2B784A5A005DFD77 /* CharacterApiObject.swift */,
				8A9FEC572B9372CC0027A3E6 /* StatusEnum.swift */,
				8A9FEC5C2B93735D0027A3E6 /* GenderEnum.swift */,
			);
			path = Entities;
			sourceTree = "<group>";
		};
		8A8C186B2B728A5C008E3C8C /* Extensions */ = {
			isa = PBXGroup;
			children = (
				8A8C186C2B728A80008E3C8C /* DateFormatter.swift */,
				8AE62B1C2B793752005DFD77 /* Color.swift */,
				8AE62B2A2B7BF8FB005DFD77 /* DataRequest.swift */,
				8A7C4D752B8795DF009E98F6 /* Font.swift */,
			);
			path = Extensions;
			sourceTree = "<group>";
		};
		8A8C186E2B728C6A008E3C8C /* Home */ = {
			isa = PBXGroup;
			children = (
				8A8C186F2B728C85008E3C8C /* HomeView.swift */,
			);
			path = Home;
			sourceTree = "<group>";
		};
		8A8C18732B7296F8008E3C8C /* Components */ = {
			isa = PBXGroup;
			children = (
				8AD612392B76D6CF00D2D8CC /* CustomTabBarView.swift */,
				8A0357A92B65264800BE5435 /* FloatingActionButtonView.swift */,
				8AD6123D2B76D91C00D2D8CC /* ShowModalTabBarItemView.swift */,
				8AD6123B2B76D8D400D2D8CC /* TabBarButtonView.swift */,
				8A9CFC952B4EEF7400F70B13 /* WrongImageView.swift */,
				8A7752CE2B8A8C5300C8F7D4 /* CollapsibleView.swift */,
			);
			path = Components;
			sourceTree = "<group>";
		};
		8A8E75E52B5830950063E6FD /* Utils */ = {
			isa = PBXGroup;
			children = (
				8AABBC812B95010C00D78C5D /* Dependecies */,
				8A8E75E62B5830B30063E6FD /* Utils.swift */,
				8A9FEC602B93D2000027A3E6 /* Log.swift */,
				8AABBC8A2B95E25D00D78C5D /* Configuration.swift */,
			);
			name = Utils;
			path = ..;
			sourceTree = "<group>";
		};
		8A91CBF62B8FAC0900F673C5 /* Business */ = {
			isa = PBXGroup;
			children = (
				8A91CBFE2B8FB09600F673C5 /* BackendApiTests.swift */,
			);
			path = Business;
			sourceTree = "<group>";
		};
		8A9CFC8C2B4EC5E100F70B13 /* Articles */ = {
			isa = PBXGroup;
			children = (
				8A8C18632B728557008E3C8C /* ViewModel */,
				8A8C18622B72853F008E3C8C /* Views */,
			);
			path = Articles;
			sourceTree = "<group>";
		};
		8A9FEC592B93731C0027A3E6 /* Extensions */ = {
			isa = PBXGroup;
			children = (
				8A9FEC5A2B93733A0027A3E6 /* StringExtension.swift */,
				8AABBC882B95DAEB00D78C5D /* ProcessInfo.swift */,
			);
			path = Extensions;
			sourceTree = "<group>";
		};
		8AABBC812B95010C00D78C5D /* Dependecies */ = {
			isa = PBXGroup;
			children = (
				8AABBC822B95012000D78C5D /* DependencyInjector.swift */,
				8AABBC862B95BB0C00D78C5D /* Dependencies.swift */,
			);
			path = Dependecies;
			sourceTree = "<group>";
		};
		8AABBC922B9635FF00D78C5D /* Environments */ = {
			isa = PBXGroup;
			children = (
				8AABBC972B963BD100D78C5D /* Dev.xcconfig */,
			);
			path = Environments;
			sourceTree = "<group>";
		};
		8AE62B152B784434005DFD77 /* Characters */ = {
			isa = PBXGroup;
			children = (
				8AE62B172B78444B005DFD77 /* ViewModel */,
				8AE62B162B784444005DFD77 /* Views */,
			);
			path = Characters;
			sourceTree = "<group>";
		};
		8AE62B162B784444005DFD77 /* Views */ = {
			isa = PBXGroup;
			children = (
				8ACCFAE12B7D3D5400A33AE0 /* CharacterView.swift */,
				8A8386712B850B0A00FEC3BD /* CharacterDetailView.swift */,
			);
			path = Views;
			sourceTree = "<group>";
		};
		8AE62B172B78444B005DFD77 /* ViewModel */ = {
			isa = PBXGroup;
			children = (
				8AE62B182B784464005DFD77 /* CharacterViewModel.swift */,
			);
			path = ViewModel;
			sourceTree = "<group>";
		};
		8AE62B272B7BD02C005DFD77 /* Api */ = {
			isa = PBXGroup;
			children = (
				8AE62B282B7BDCFC005DFD77 /* BackendApi.swift */,
			);
			path = Api;
			sourceTree = "<group>";
		};
/* End PBXGroup section */

/* Begin PBXNativeTarget section */
		8A4E22B82B4A2BCA006D71C6 /* NewsApp */ = {
			isa = PBXNativeTarget;
			buildConfigurationList = 8A4E22DD2B4A2BCD006D71C6 /* Build configuration list for PBXNativeTarget "NewsApp" */;
			buildPhases = (
				8A4E22B52B4A2BCA006D71C6 /* Sources */,
				8A4E22B62B4A2BCA006D71C6 /* Frameworks */,
				8A4E22B72B4A2BCA006D71C6 /* Resources */,
			);
			buildRules = (
			);
			dependencies = (
			);
			name = NewsApp;
			packageProductDependencies = (
				8AAB4D0A2B76599200C71B36 /* Alamofire */,
				8AD804C12B8A42ED00DE501A /* SwiftOpenAI */,
				8A91CC012B8FB18800F673C5 /* Mocker */,
				8A9FEC632B93D2750027A3E6 /* SwiftyBeaver */,
			);
			productName = NewsApp;
			productReference = 8A4E22B92B4A2BCA006D71C6 /* NewsApp.app */;
			productType = "com.apple.product-type.application";
		};
		8A4E22C82B4A2BCD006D71C6 /* NewsAppTests */ = {
			isa = PBXNativeTarget;
			buildConfigurationList = 8A4E22E02B4A2BCD006D71C6 /* Build configuration list for PBXNativeTarget "NewsAppTests" */;
			buildPhases = (
				8A4E22C52B4A2BCD006D71C6 /* Sources */,
				8A4E22C62B4A2BCD006D71C6 /* Frameworks */,
				8A4E22C72B4A2BCD006D71C6 /* Resources */,
			);
			buildRules = (
			);
			dependencies = (
				8A4E22CB2B4A2BCD006D71C6 /* PBXTargetDependency */,
			);
			name = NewsAppTests;
			productName = NewsAppTests;
			productReference = 8A4E22C92B4A2BCD006D71C6 /* NewsAppTests.xctest */;
			productType = "com.apple.product-type.bundle.unit-test";
		};
		8A4E22D22B4A2BCD006D71C6 /* NewsAppUITests */ = {
			isa = PBXNativeTarget;
			buildConfigurationList = 8A4E22E32B4A2BCD006D71C6 /* Build configuration list for PBXNativeTarget "NewsAppUITests" */;
			buildPhases = (
				8A4E22CF2B4A2BCD006D71C6 /* Sources */,
				8A4E22D02B4A2BCD006D71C6 /* Frameworks */,
				8A4E22D12B4A2BCD006D71C6 /* Resources */,
			);
			buildRules = (
			);
			dependencies = (
				8A4E22D52B4A2BCD006D71C6 /* PBXTargetDependency */,
			);
			name = NewsAppUITests;
			productName = NewsAppUITests;
			productReference = 8A4E22D32B4A2BCD006D71C6 /* NewsAppUITests.xctest */;
			productType = "com.apple.product-type.bundle.ui-testing";
		};
/* End PBXNativeTarget section */

/* Begin PBXProject section */
		8A4E22B12B4A2BCA006D71C6 /* Project object */ = {
			isa = PBXProject;
			attributes = {
				BuildIndependentTargetsInParallel = 1;
				LastSwiftUpdateCheck = 1510;
				LastUpgradeCheck = 1510;
				TargetAttributes = {
					8A4E22B82B4A2BCA006D71C6 = {
						CreatedOnToolsVersion = 15.1;
					};
					8A4E22C82B4A2BCD006D71C6 = {
						CreatedOnToolsVersion = 15.1;
						TestTargetID = 8A4E22B82B4A2BCA006D71C6;
					};
					8A4E22D22B4A2BCD006D71C6 = {
						CreatedOnToolsVersion = 15.1;
						TestTargetID = 8A4E22B82B4A2BCA006D71C6;
					};
				};
			};
			buildConfigurationList = 8A4E22B42B4A2BCA006D71C6 /* Build configuration list for PBXProject "NewsApp" */;
			compatibilityVersion = "Xcode 14.0";
			developmentRegion = en;
			hasScannedForEncodings = 0;
			knownRegions = (
				en,
				Base,
			);
			mainGroup = 8A4E22B02B4A2BCA006D71C6;
			packageReferences = (
				8AAB4D092B76599200C71B36 /* XCRemoteSwiftPackageReference "Alamofire" */,
				8A8386752B85662F00FEC3BD /* XCRemoteSwiftPackageReference "firebase-ios-sdk" */,
				8AD804C02B8A42ED00DE501A /* XCRemoteSwiftPackageReference "SwiftOpenAI" */,
				8A91CC002B8FB18800F673C5 /* XCRemoteSwiftPackageReference "Mocker" */,
				8A9FEC622B93D2750027A3E6 /* XCRemoteSwiftPackageReference "SwiftyBeaver" */,
			);
			productRefGroup = 8A4E22BA2B4A2BCA006D71C6 /* Products */;
			projectDirPath = "";
			projectRoot = "";
			targets = (
				8A4E22B82B4A2BCA006D71C6 /* NewsApp */,
				8A4E22C82B4A2BCD006D71C6 /* NewsAppTests */,
				8A4E22D22B4A2BCD006D71C6 /* NewsAppUITests */,
			);
		};
/* End PBXProject section */

/* Begin PBXResourcesBuildPhase section */
		8A4E22B72B4A2BCA006D71C6 /* Resources */ = {
			isa = PBXResourcesBuildPhase;
			buildActionMask = 2147483647;
			files = (
				8A4E22C42B4A2BCC006D71C6 /* Preview Assets.xcassets in Resources */,
				8A7C4D742B879372009E98F6 /* Kode_Mono in Resources */,
				8A8386742B8565BB00FEC3BD /* GoogleService-Info.plist in Resources */,
				8A4E22C12B4A2BCC006D71C6 /* Assets.xcassets in Resources */,
				8A3CD9122B91E20D005A677C /* get_characters.json in Resources */,
			);
			runOnlyForDeploymentPostprocessing = 0;
		};
		8A4E22C72B4A2BCD006D71C6 /* Resources */ = {
			isa = PBXResourcesBuildPhase;
			buildActionMask = 2147483647;
			files = (
				8A3CD90E2B91DE82005A677C /* get_articles.json in Resources */,
			);
			runOnlyForDeploymentPostprocessing = 0;
		};
		8A4E22D12B4A2BCD006D71C6 /* Resources */ = {
			isa = PBXResourcesBuildPhase;
			buildActionMask = 2147483647;
			files = (
			);
			runOnlyForDeploymentPostprocessing = 0;
		};
/* End PBXResourcesBuildPhase section */

/* Begin PBXSourcesBuildPhase section */
		8A4E22B52B4A2BCA006D71C6 /* Sources */ = {
			isa = PBXSourcesBuildPhase;
			buildActionMask = 2147483647;
			files = (
				8A1DAC262B8E3C6F00259AD3 /* FavoritesViewModel.swift in Sources */,
				8A9FEC5B2B93733A0027A3E6 /* StringExtension.swift in Sources */,
				8A9FEC612B93D2000027A3E6 /* Log.swift in Sources */,
				8A4E22BD2B4A2BCA006D71C6 /* NewsApp.swift in Sources */,
				8AE62B2B2B7BF8FB005DFD77 /* DataRequest.swift in Sources */,
				8A7752CF2B8A8C5300C8F7D4 /* CollapsibleView.swift in Sources */,
				8AD6123A2B76D6CF00D2D8CC /* CustomTabBarView.swift in Sources */,
				8A8C18602B71AF0A008E3C8C /* ApiRestManager.swift in Sources */,
				8A9FEC582B9372CC0027A3E6 /* StatusEnum.swift in Sources */,
				8A7C4D782B8924D6009E98F6 /* AppDelegate.swift in Sources */,
				8A9CFC8E2B4EC5F400F70B13 /* ArticleRowView.swift in Sources */,
				8A9CFC922B4EC61000F70B13 /* ArticleDetailView.swift in Sources */,
				8ACCFAE22B7D3D5400A33AE0 /* CharacterView.swift in Sources */,
				8A7C4D762B8795DF009E98F6 /* Font.swift in Sources */,
				8AD6123C2B76D8D400D2D8CC /* TabBarButtonView.swift in Sources */,
				8A7C4D6E2B876439009E98F6 /* UserDefaultManager.swift in Sources */,
				8A8C186D2B728A80008E3C8C /* DateFormatter.swift in Sources */,
				8A8EF2362B4C166400402584 /* ArticleApiObject.swift in Sources */,
				8A8C18652B7285A3008E3C8C /* ArticlesViewModel.swift in Sources */,
				8AD6123E2B76D91C00D2D8CC /* ShowModalTabBarItemView.swift in Sources */,
				8AABBC872B95BB0C00D78C5D /* Dependencies.swift in Sources */,
				8A8386722B850B0A00FEC3BD /* CharacterDetailView.swift in Sources */,
				8AE62B192B784464005DFD77 /* CharacterViewModel.swift in Sources */,
				8A9FEC5D2B93735D0027A3E6 /* GenderEnum.swift in Sources */,
				8AE62B1D2B793752005DFD77 /* Color.swift in Sources */,
				8A0357AA2B65264800BE5435 /* FloatingActionButtonView.swift in Sources */,
				8AE62B1B2B784A5A005DFD77 /* CharacterApiObject.swift in Sources */,
				8A8C18702B728C85008E3C8C /* HomeView.swift in Sources */,
				8A8E75E72B5830B30063E6FD /* Utils.swift in Sources */,
				8A9CFC962B4EEF7400F70B13 /* WrongImageView.swift in Sources */,
				8AABBC8B2B95E25D00D78C5D /* Configuration.swift in Sources */,
				8AE62B292B7BDCFC005DFD77 /* BackendApi.swift in Sources */,
				8AABBC892B95DAEB00D78C5D /* ProcessInfo.swift in Sources */,
				8A8C18722B728E15008E3C8C /* ArticleView.swift in Sources */,
				8AABBC832B95012000D78C5D /* DependencyInjector.swift in Sources */,
				8A9CFC942B4EC7B500F70B13 /* ArticleCardView.swift in Sources */,
			);
			runOnlyForDeploymentPostprocessing = 0;
		};
		8A4E22C52B4A2BCD006D71C6 /* Sources */ = {
			isa = PBXSourcesBuildPhase;
			buildActionMask = 2147483647;
			files = (
				8AABBC8D2B96116D00D78C5D /* MockDependencies.swift in Sources */,
				8A9FEC5F2B93CF450027A3E6 /* CharactersViewModelTests.swift in Sources */,
				8A9FEC562B9370070027A3E6 /* ArticlesViewModelTests.swift in Sources */,
				8A7D24352B91D4F3003754DE /* MockGenerator.swift in Sources */,
				8A91CBFF2B8FB09600F673C5 /* BackendApiTests.swift in Sources */,
				8A4E22CE2B4A2BCD006D71C6 /* NewsAppTests.swift in Sources */,
			);
			runOnlyForDeploymentPostprocessing = 0;
		};
		8A4E22CF2B4A2BCD006D71C6 /* Sources */ = {
			isa = PBXSourcesBuildPhase;
			buildActionMask = 2147483647;
			files = (
				8A4E22D82B4A2BCD006D71C6 /* NewsAppUITests.swift in Sources */,
				8A4E22DA2B4A2BCD006D71C6 /* NewsAppUITestsLaunchTests.swift in Sources */,
			);
			runOnlyForDeploymentPostprocessing = 0;
		};
/* End PBXSourcesBuildPhase section */

/* Begin PBXTargetDependency section */
		8A4E22CB2B4A2BCD006D71C6 /* PBXTargetDependency */ = {
			isa = PBXTargetDependency;
			target = 8A4E22B82B4A2BCA006D71C6 /* NewsApp */;
			targetProxy = 8A4E22CA2B4A2BCD006D71C6 /* PBXContainerItemProxy */;
		};
		8A4E22D52B4A2BCD006D71C6 /* PBXTargetDependency */ = {
			isa = PBXTargetDependency;
			target = 8A4E22B82B4A2BCA006D71C6 /* NewsApp */;
			targetProxy = 8A4E22D42B4A2BCD006D71C6 /* PBXContainerItemProxy */;
		};
/* End PBXTargetDependency section */

/* Begin XCBuildConfiguration section */
		8A4E22DB2B4A2BCD006D71C6 /* Dev */ = {
			isa = XCBuildConfiguration;
			buildSettings = {
				ALWAYS_SEARCH_USER_PATHS = NO;
				ASSETCATALOG_COMPILER_GENERATE_SWIFT_ASSET_SYMBOL_EXTENSIONS = YES;
				CLANG_ANALYZER_NONNULL = YES;
				CLANG_ANALYZER_NUMBER_OBJECT_CONVERSION = YES_AGGRESSIVE;
				CLANG_CXX_LANGUAGE_STANDARD = "gnu++20";
				CLANG_ENABLE_MODULES = YES;
				CLANG_ENABLE_OBJC_ARC = YES;
				CLANG_ENABLE_OBJC_WEAK = YES;
				CLANG_WARN_BLOCK_CAPTURE_AUTORELEASING = YES;
				CLANG_WARN_BOOL_CONVERSION = YES;
				CLANG_WARN_COMMA = YES;
				CLANG_WARN_CONSTANT_CONVERSION = YES;
				CLANG_WARN_DEPRECATED_OBJC_IMPLEMENTATIONS = YES;
				CLANG_WARN_DIRECT_OBJC_ISA_USAGE = YES_ERROR;
				CLANG_WARN_DOCUMENTATION_COMMENTS = YES;
				CLANG_WARN_EMPTY_BODY = YES;
				CLANG_WARN_ENUM_CONVERSION = YES;
				CLANG_WARN_INFINITE_RECURSION = YES;
				CLANG_WARN_INT_CONVERSION = YES;
				CLANG_WARN_NON_LITERAL_NULL_CONVERSION = YES;
				CLANG_WARN_OBJC_IMPLICIT_RETAIN_SELF = YES;
				CLANG_WARN_OBJC_LITERAL_CONVERSION = YES;
				CLANG_WARN_OBJC_ROOT_CLASS = YES_ERROR;
				CLANG_WARN_QUOTED_INCLUDE_IN_FRAMEWORK_HEADER = YES;
				CLANG_WARN_RANGE_LOOP_ANALYSIS = YES;
				CLANG_WARN_STRICT_PROTOTYPES = YES;
				CLANG_WARN_SUSPICIOUS_MOVE = YES;
				CLANG_WARN_UNGUARDED_AVAILABILITY = YES_AGGRESSIVE;
				CLANG_WARN_UNREACHABLE_CODE = YES;
				CLANG_WARN__DUPLICATE_METHOD_MATCH = YES;
				COPY_PHASE_STRIP = NO;
				DEBUG_INFORMATION_FORMAT = dwarf;
				ENABLE_STRICT_OBJC_MSGSEND = YES;
				ENABLE_TESTABILITY = YES;
				ENABLE_USER_SCRIPT_SANDBOXING = YES;
				GCC_C_LANGUAGE_STANDARD = gnu17;
				GCC_DYNAMIC_NO_PIC = NO;
				GCC_NO_COMMON_BLOCKS = YES;
				GCC_OPTIMIZATION_LEVEL = 0;
				GCC_PREPROCESSOR_DEFINITIONS = (
					"DEBUG=1",
					"$(inherited)",
				);
				GCC_WARN_64_TO_32_BIT_CONVERSION = YES;
				GCC_WARN_ABOUT_RETURN_TYPE = YES_ERROR;
				GCC_WARN_UNDECLARED_SELECTOR = YES;
				GCC_WARN_UNINITIALIZED_AUTOS = YES_AGGRESSIVE;
				GCC_WARN_UNUSED_FUNCTION = YES;
				GCC_WARN_UNUSED_VARIABLE = YES;
				IPHONEOS_DEPLOYMENT_TARGET = 17.2;
				LOCALIZATION_PREFERS_STRING_CATALOGS = YES;
				MTL_ENABLE_DEBUG_INFO = INCLUDE_SOURCE;
				MTL_FAST_MATH = YES;
				ONLY_ACTIVE_ARCH = YES;
				SDKROOT = iphoneos;
				SWIFT_ACTIVE_COMPILATION_CONDITIONS = "DEBUG $(inherited)";
				SWIFT_OPTIMIZATION_LEVEL = "-Onone";
			};
			name = Dev;
		};
		8A4E22DE2B4A2BCD006D71C6 /* Dev */ = {
			isa = XCBuildConfiguration;
			baseConfigurationReference = 8AABBC972B963BD100D78C5D /* Dev.xcconfig */;
			buildSettings = {
				ASSETCATALOG_COMPILER_APPICON_NAME = AppIcon;
				ASSETCATALOG_COMPILER_GLOBAL_ACCENT_COLOR_NAME = AccentColor;
				CODE_SIGN_STYLE = Automatic;
				CURRENT_PROJECT_VERSION = 1;
				DEVELOPMENT_ASSET_PATHS = "\"NewsApp/Preview Content\"";
				DEVELOPMENT_TEAM = X55H9FTVGN;
				ENABLE_PREVIEWS = YES;
				ENABLE_TESTING_SEARCH_PATHS = YES;
				GENERATE_INFOPLIST_FILE = YES;
				INFOPLIST_FILE = NewsApp/Domain/Info.plist;
				INFOPLIST_KEY_UIApplicationSceneManifest_Generation = YES;
				INFOPLIST_KEY_UIApplicationSupportsIndirectInputEvents = YES;
				INFOPLIST_KEY_UILaunchScreen_Generation = YES;
				INFOPLIST_KEY_UISupportedInterfaceOrientations_iPad = "UIInterfaceOrientationPortrait UIInterfaceOrientationPortraitUpsideDown UIInterfaceOrientationLandscapeLeft UIInterfaceOrientationLandscapeRight";
				INFOPLIST_KEY_UISupportedInterfaceOrientations_iPhone = "UIInterfaceOrientationPortrait UIInterfaceOrientationLandscapeLeft UIInterfaceOrientationLandscapeRight";
				LD_RUNPATH_SEARCH_PATHS = (
					"$(inherited)",
					"@executable_path/Frameworks",
				);
				MARKETING_VERSION = 1.0;
				NEW_SETTING = "";
				PRODUCT_BUNDLE_IDENTIFIER = com.juliorodriguez.NewsApp;
				PRODUCT_NAME = "$(TARGET_NAME)";
				SWIFT_EMIT_LOC_STRINGS = YES;
				SWIFT_VERSION = 5.0;
				TARGETED_DEVICE_FAMILY = "1,2";
			};
			name = Dev;
		};
		8A4E22E12B4A2BCD006D71C6 /* Dev */ = {
			isa = XCBuildConfiguration;
			baseConfigurationReference = 8AABBC972B963BD100D78C5D /* Dev.xcconfig */;
			buildSettings = {
				ALWAYS_EMBED_SWIFT_STANDARD_LIBRARIES = YES;
				BUNDLE_LOADER = "$(TEST_HOST)";
				CODE_SIGN_STYLE = Automatic;
				CURRENT_PROJECT_VERSION = 1;
				DEVELOPMENT_TEAM = X55H9FTVGN;
				GENERATE_INFOPLIST_FILE = YES;
				IPHONEOS_DEPLOYMENT_TARGET = 17.2;
				MARKETING_VERSION = 1.0;
				PRODUCT_BUNDLE_IDENTIFIER = com.juliorodriguez.NewsAppTests;
				PRODUCT_NAME = "$(TARGET_NAME)";
				SWIFT_EMIT_LOC_STRINGS = NO;
				SWIFT_VERSION = 5.0;
				TARGETED_DEVICE_FAMILY = "1,2";
				TEST_HOST = "$(BUILT_PRODUCTS_DIR)/NewsApp.app/$(BUNDLE_EXECUTABLE_FOLDER_PATH)/NewsApp";
			};
			name = Dev;
		};
		8A4E22E42B4A2BCD006D71C6 /* Dev */ = {
			isa = XCBuildConfiguration;
			baseConfigurationReference = 8AABBC972B963BD100D78C5D /* Dev.xcconfig */;
			buildSettings = {
				ALWAYS_EMBED_SWIFT_STANDARD_LIBRARIES = YES;
				CODE_SIGN_STYLE = Automatic;
				CURRENT_PROJECT_VERSION = 1;
				DEVELOPMENT_TEAM = X55H9FTVGN;
				GENERATE_INFOPLIST_FILE = YES;
				MARKETING_VERSION = 1.0;
				PRODUCT_BUNDLE_IDENTIFIER = com.juliorodriguez.NewsAppUITests;
				PRODUCT_NAME = "$(TARGET_NAME)";
				SWIFT_EMIT_LOC_STRINGS = NO;
				SWIFT_VERSION = 5.0;
				TARGETED_DEVICE_FAMILY = "1,2";
				TEST_TARGET_NAME = NewsApp;
			};
			name = Dev;
		};
/* End XCBuildConfiguration section */

/* Begin XCConfigurationList section */
		8A4E22B42B4A2BCA006D71C6 /* Build configuration list for PBXProject "NewsApp" */ = {
			isa = XCConfigurationList;
			buildConfigurations = (
				8A4E22DB2B4A2BCD006D71C6 /* Dev */,
			);
			defaultConfigurationIsVisible = 0;
			defaultConfigurationName = Dev;
		};
		8A4E22DD2B4A2BCD006D71C6 /* Build configuration list for PBXNativeTarget "NewsApp" */ = {
			isa = XCConfigurationList;
			buildConfigurations = (
				8A4E22DE2B4A2BCD006D71C6 /* Dev */,
			);
			defaultConfigurationIsVisible = 0;
			defaultConfigurationName = Dev;
		};
		8A4E22E02B4A2BCD006D71C6 /* Build configuration list for PBXNativeTarget "NewsAppTests" */ = {
			isa = XCConfigurationList;
			buildConfigurations = (
				8A4E22E12B4A2BCD006D71C6 /* Dev */,
			);
			defaultConfigurationIsVisible = 0;
			defaultConfigurationName = Dev;
		};
		8A4E22E32B4A2BCD006D71C6 /* Build configuration list for PBXNativeTarget "NewsAppUITests" */ = {
			isa = XCConfigurationList;
			buildConfigurations = (
				8A4E22E42B4A2BCD006D71C6 /* Dev */,
			);
			defaultConfigurationIsVisible = 0;
			defaultConfigurationName = Dev;
		};
/* End XCConfigurationList section */

/* Begin XCRemoteSwiftPackageReference section */
		8A8386752B85662F00FEC3BD /* XCRemoteSwiftPackageReference "firebase-ios-sdk" */ = {
			isa = XCRemoteSwiftPackageReference;
			repositoryURL = "https://github.com/firebase/firebase-ios-sdk";
			requirement = {
				kind = upToNextMajorVersion;
				minimumVersion = 10.21.0;
			};
		};
		8A91CC002B8FB18800F673C5 /* XCRemoteSwiftPackageReference "Mocker" */ = {
			isa = XCRemoteSwiftPackageReference;
			repositoryURL = "https://github.com/WeTransfer/Mocker.git";
			requirement = {
				kind = upToNextMajorVersion;
				minimumVersion = 3.0.2;
			};
		};
		8A9FEC622B93D2750027A3E6 /* XCRemoteSwiftPackageReference "SwiftyBeaver" */ = {
			isa = XCRemoteSwiftPackageReference;
			repositoryURL = "https://github.com/SwiftyBeaver/SwiftyBeaver.git";
			requirement = {
				kind = upToNextMajorVersion;
				minimumVersion = 2.0.0;
			};
		};
		8AAB4D092B76599200C71B36 /* XCRemoteSwiftPackageReference "Alamofire" */ = {
			isa = XCRemoteSwiftPackageReference;
			repositoryURL = "https://github.com/Alamofire/Alamofire.git";
			requirement = {
				kind = upToNextMajorVersion;
				minimumVersion = 5.8.1;
			};
		};
		8AD804C02B8A42ED00DE501A /* XCRemoteSwiftPackageReference "SwiftOpenAI" */ = {
			isa = XCRemoteSwiftPackageReference;
			repositoryURL = "https://github.com/SwiftBeta/SwiftOpenAI.git";
			requirement = {
				kind = upToNextMajorVersion;
				minimumVersion = 1.4.1;
			};
		};
/* End XCRemoteSwiftPackageReference section */

/* Begin XCSwiftPackageProductDependency section */
		8A91CC012B8FB18800F673C5 /* Mocker */ = {
			isa = XCSwiftPackageProductDependency;
			package = 8A91CC002B8FB18800F673C5 /* XCRemoteSwiftPackageReference "Mocker" */;
			productName = Mocker;
		};
		8A9FEC632B93D2750027A3E6 /* SwiftyBeaver */ = {
			isa = XCSwiftPackageProductDependency;
			package = 8A9FEC622B93D2750027A3E6 /* XCRemoteSwiftPackageReference "SwiftyBeaver" */;
			productName = SwiftyBeaver;
		};
		8AAB4D0A2B76599200C71B36 /* Alamofire */ = {
			isa = XCSwiftPackageProductDependency;
			package = 8AAB4D092B76599200C71B36 /* XCRemoteSwiftPackageReference "Alamofire" */;
			productName = Alamofire;
		};
		8AD804C12B8A42ED00DE501A /* SwiftOpenAI */ = {
			isa = XCSwiftPackageProductDependency;
			package = 8AD804C02B8A42ED00DE501A /* XCRemoteSwiftPackageReference "SwiftOpenAI" */;
			productName = SwiftOpenAI;
		};
/* End XCSwiftPackageProductDependency section */
	};
	rootObject = 8A4E22B12B4A2BCA006D71C6 /* Project object */;
}
